// !$*UTF8*$!
{
	archiveVersion = 1;
	classes = {
	};
	objectVersion = 46;
	objects = {

/* Begin PBXBuildFile section */
		0927075E141E4C7800E778AE /* MapKit.framework in Frameworks */ = {isa = PBXBuildFile; fileRef = 0927075D141E4C7800E778AE /* MapKit.framework */; };
		09270761141E4E2B00E778AE /* StringHelper.m in Sources */ = {isa = PBXBuildFile; fileRef = 09270760141E4E2B00E778AE /* StringHelper.m */; };
		09270764141E4EC900E778AE /* DataHelper.m in Sources */ = {isa = PBXBuildFile; fileRef = 09270763141E4EC900E778AE /* DataHelper.m */; };
		09270769141E52BB00E778AE /* CoreLocation.framework in Frameworks */ = {isa = PBXBuildFile; fileRef = 09270768141E52BB00E778AE /* CoreLocation.framework */; };
		092D3D2C145AE54E002F5F6C /* AFURLCache.m in Sources */ = {isa = PBXBuildFile; fileRef = 092D3D2B145AE54E002F5F6C /* AFURLCache.m */; settings = {COMPILER_FLAGS = "-w"; }; };
		093EC38B145B0DE90010CDBB /* AFHTTPClient.m in Sources */ = {isa = PBXBuildFile; fileRef = 093EC377145B0DE90010CDBB /* AFHTTPClient.m */; settings = {COMPILER_FLAGS = "-fno-objc-arc"; }; };
		093EC38C145B0DE90010CDBB /* AFHTTPRequestOperation.m in Sources */ = {isa = PBXBuildFile; fileRef = 093EC379145B0DE90010CDBB /* AFHTTPRequestOperation.m */; settings = {COMPILER_FLAGS = "-fno-objc-arc"; }; };
		093EC38D145B0DE90010CDBB /* AFImageCache.m in Sources */ = {isa = PBXBuildFile; fileRef = 093EC37B145B0DE90010CDBB /* AFImageCache.m */; settings = {COMPILER_FLAGS = "-fno-objc-arc"; }; };
		093EC38E145B0DE90010CDBB /* AFImageRequestOperation.m in Sources */ = {isa = PBXBuildFile; fileRef = 093EC37D145B0DE90010CDBB /* AFImageRequestOperation.m */; settings = {COMPILER_FLAGS = "-fno-objc-arc"; }; };
		093EC38F145B0DE90010CDBB /* AFJSONRequestOperation.m in Sources */ = {isa = PBXBuildFile; fileRef = 093EC37F145B0DE90010CDBB /* AFJSONRequestOperation.m */; settings = {COMPILER_FLAGS = "-fno-objc-arc"; }; };
		093EC390145B0DE90010CDBB /* AFNetworkActivityIndicatorManager.m in Sources */ = {isa = PBXBuildFile; fileRef = 093EC381145B0DE90010CDBB /* AFNetworkActivityIndicatorManager.m */; settings = {COMPILER_FLAGS = "-fno-objc-arc"; }; };
		093EC391145B0DE90010CDBB /* AFPropertyListRequestOperation.m in Sources */ = {isa = PBXBuildFile; fileRef = 093EC384145B0DE90010CDBB /* AFPropertyListRequestOperation.m */; settings = {COMPILER_FLAGS = "-fno-objc-arc"; }; };
		093EC392145B0DE90010CDBB /* AFURLConnectionOperation.m in Sources */ = {isa = PBXBuildFile; fileRef = 093EC386145B0DE90010CDBB /* AFURLConnectionOperation.m */; settings = {COMPILER_FLAGS = "-fno-objc-arc"; }; };
		093EC393145B0DE90010CDBB /* AFXMLRequestOperation.m in Sources */ = {isa = PBXBuildFile; fileRef = 093EC388145B0DE90010CDBB /* AFXMLRequestOperation.m */; settings = {COMPILER_FLAGS = "-fno-objc-arc"; }; };
		093EC394145B0DE90010CDBB /* UIImageView+AFNetworking.m in Sources */ = {isa = PBXBuildFile; fileRef = 093EC38A145B0DE90010CDBB /* UIImageView+AFNetworking.m */; settings = {COMPILER_FLAGS = "-fno-objc-arc"; }; };
		09507B261459B92800CEBABF /* CoreGraphics.framework in Frameworks */ = {isa = PBXBuildFile; fileRef = 09885E981418F2E600CCE17A /* CoreGraphics.framework */; };
		09885E951418F2E500CCE17A /* UIKit.framework in Frameworks */ = {isa = PBXBuildFile; fileRef = 09885E941418F2E500CCE17A /* UIKit.framework */; };
		09885E971418F2E500CCE17A /* Foundation.framework in Frameworks */ = {isa = PBXBuildFile; fileRef = 09885E961418F2E500CCE17A /* Foundation.framework */; };
		09885E9F1418F2E600CCE17A /* InfoPlist.strings in Resources */ = {isa = PBXBuildFile; fileRef = 09885E9D1418F2E600CCE17A /* InfoPlist.strings */; };
		09885EA11418F2E600CCE17A /* main.m in Sources */ = {isa = PBXBuildFile; fileRef = 09885EA01418F2E600CCE17A /* main.m */; };
		09885EA51418F2E600CCE17A /* StyleHillsAppDelegate.m in Sources */ = {isa = PBXBuildFile; fileRef = 09885EA41418F2E600CCE17A /* StyleHillsAppDelegate.m */; };
		09885EA81418F2E600CCE17A /* MainWindow.xib in Resources */ = {isa = PBXBuildFile; fileRef = 09885EA61418F2E600CCE17A /* MainWindow.xib */; };
		09885EAB1418F2E600CCE17A /* RootViewController.m in Sources */ = {isa = PBXBuildFile; fileRef = 09885EAA1418F2E600CCE17A /* RootViewController.m */; };
		09885EAE1418F2E600CCE17A /* RootViewController.xib in Resources */ = {isa = PBXBuildFile; fileRef = 09885EAC1418F2E600CCE17A /* RootViewController.xib */; };
		09885F421418FFE000CCE17A /* SVProgressHUD.bundle in Resources */ = {isa = PBXBuildFile; fileRef = 09885F3F1418FFE000CCE17A /* SVProgressHUD.bundle */; };
		09885F431418FFE000CCE17A /* SVProgressHUD.m in Sources */ = {isa = PBXBuildFile; fileRef = 09885F411418FFE000CCE17A /* SVProgressHUD.m */; };
		09885F451419009200CCE17A /* QuartzCore.framework in Frameworks */ = {isa = PBXBuildFile; fileRef = 09885F441419009200CCE17A /* QuartzCore.framework */; };
		09885F48141901E700CCE17A /* DictionaryHelper.m in Sources */ = {isa = PBXBuildFile; fileRef = 09885F47141901E700CCE17A /* DictionaryHelper.m */; };
		09885F4C1419028D00CCE17A /* JSONKit.m in Sources */ = {isa = PBXBuildFile; fileRef = 09885F4B1419028D00CCE17A /* JSONKit.m */; settings = {COMPILER_FLAGS = "-fno-objc-arc"; }; };
		09885F5914190D7900CCE17A /* FastCell.m in Sources */ = {isa = PBXBuildFile; fileRef = 09885F5814190D7900CCE17A /* FastCell.m */; };
		09E442BB141F96A900AD2DAE /* EGORefreshTableHeaderView.m in Sources */ = {isa = PBXBuildFile; fileRef = 09E442BA141F96A900AD2DAE /* EGORefreshTableHeaderView.m */; };
		09E442C6141F970400AD2DAE /* blackArrow.png in Resources */ = {isa = PBXBuildFile; fileRef = 09E442BE141F970400AD2DAE /* blackArrow.png */; };
		09E442C7141F970400AD2DAE /* blackArrow@2x.png in Resources */ = {isa = PBXBuildFile; fileRef = 09E442BF141F970400AD2DAE /* blackArrow@2x.png */; };
		09E442C8141F970400AD2DAE /* blueArrow.png in Resources */ = {isa = PBXBuildFile; fileRef = 09E442C0141F970400AD2DAE /* blueArrow.png */; };
		09E442C9141F970400AD2DAE /* blueArrow@2x.png in Resources */ = {isa = PBXBuildFile; fileRef = 09E442C1141F970400AD2DAE /* blueArrow@2x.png */; };
		09E442CA141F970400AD2DAE /* grayArrow.png in Resources */ = {isa = PBXBuildFile; fileRef = 09E442C2141F970400AD2DAE /* grayArrow.png */; };
		09E442CB141F970400AD2DAE /* grayArrow@2x.png in Resources */ = {isa = PBXBuildFile; fileRef = 09E442C3141F970400AD2DAE /* grayArrow@2x.png */; };
		09E442CC141F970400AD2DAE /* whiteArrow.png in Resources */ = {isa = PBXBuildFile; fileRef = 09E442C4141F970400AD2DAE /* whiteArrow.png */; };
		09E442CD141F970400AD2DAE /* whiteArrow@2x.png in Resources */ = {isa = PBXBuildFile; fileRef = 09E442C5141F970400AD2DAE /* whiteArrow@2x.png */; };
		09E442D0141F97AE00AD2DAE /* ListViewController.m in Sources */ = {isa = PBXBuildFile; fileRef = 09E442CF141F97AE00AD2DAE /* ListViewController.m */; };
		CB0CD718155A11950039AF2F /* CityStreamViewController.m in Sources */ = {isa = PBXBuildFile; fileRef = CB0CD716155A11950039AF2F /* CityStreamViewController.m */; };
		CB0CD719155A11950039AF2F /* CityStreamViewController.xib in Resources */ = {isa = PBXBuildFile; fileRef = CB0CD717155A11950039AF2F /* CityStreamViewController.xib */; };
		CB0CD71F155A18020039AF2F /* Item.m in Sources */ = {isa = PBXBuildFile; fileRef = CB0CD71E155A18020039AF2F /* Item.m */; };
		CB1067C515DB0789002053B6 /* CommentViewController.m in Sources */ = {isa = PBXBuildFile; fileRef = CB1067C315DB0789002053B6 /* CommentViewController.m */; };
		CB1067C615DB0789002053B6 /* CommentViewController.xib in Resources */ = {isa = PBXBuildFile; fileRef = CB1067C415DB0789002053B6 /* CommentViewController.xib */; };
		CB1067CC15DB0C82002053B6 /* covet.png in Resources */ = {isa = PBXBuildFile; fileRef = CB1067C815DB0C82002053B6 /* covet.png */; };
		CB1067CD15DB0C82002053B6 /* covet@2x.png in Resources */ = {isa = PBXBuildFile; fileRef = CB1067C915DB0C82002053B6 /* covet@2x.png */; };
		CB1067CE15DB0C82002053B6 /* covetDepressed.png in Resources */ = {isa = PBXBuildFile; fileRef = CB1067CA15DB0C82002053B6 /* covetDepressed.png */; };
		CB1067CF15DB0C82002053B6 /* covetDepressed@2x.png in Resources */ = {isa = PBXBuildFile; fileRef = CB1067CB15DB0C82002053B6 /* covetDepressed@2x.png */; };
		CB1067D615DB0C91002053B6 /* saveToClipboard.png in Resources */ = {isa = PBXBuildFile; fileRef = CB1067D015DB0C91002053B6 /* saveToClipboard.png */; };
		CB1067D715DB0C91002053B6 /* saveToClipboard@2x.png in Resources */ = {isa = PBXBuildFile; fileRef = CB1067D115DB0C91002053B6 /* saveToClipboard@2x.png */; };
		CB1067D815DB0C91002053B6 /* saveToClipboardDepressed.png in Resources */ = {isa = PBXBuildFile; fileRef = CB1067D215DB0C91002053B6 /* saveToClipboardDepressed.png */; };
		CB1067D915DB0C91002053B6 /* saveToClipboardDepressed@2x.png in Resources */ = {isa = PBXBuildFile; fileRef = CB1067D315DB0C91002053B6 /* saveToClipboardDepressed@2x.png */; };
		CB1067DA15DB0C91002053B6 /* shareButton.png in Resources */ = {isa = PBXBuildFile; fileRef = CB1067D415DB0C91002053B6 /* shareButton.png */; };
		CB1067DB15DB0C91002053B6 /* shareButton@2x.png in Resources */ = {isa = PBXBuildFile; fileRef = CB1067D515DB0C91002053B6 /* shareButton@2x.png */; };
		CB1067DE15DC35C6002053B6 /* commentTopCellBackground.png in Resources */ = {isa = PBXBuildFile; fileRef = CB1067DC15DC35C6002053B6 /* commentTopCellBackground.png */; };
		CB1067DF15DC35C6002053B6 /* commentTopCellBackground@2x.png in Resources */ = {isa = PBXBuildFile; fileRef = CB1067DD15DC35C6002053B6 /* commentTopCellBackground@2x.png */; };
		CB1067E215DC381D002053B6 /* commentTopCellImageBorder.png in Resources */ = {isa = PBXBuildFile; fileRef = CB1067E015DC381D002053B6 /* commentTopCellImageBorder.png */; };
		CB1067E315DC381D002053B6 /* commentTopCellImageBorder@2x.png in Resources */ = {isa = PBXBuildFile; fileRef = CB1067E115DC381D002053B6 /* commentTopCellImageBorder@2x.png */; };
		CB1067E615DC4E53002053B6 /* coveted.png in Resources */ = {isa = PBXBuildFile; fileRef = CB1067E415DC4E53002053B6 /* coveted.png */; };
		CB1067E715DC4E53002053B6 /* coveted@2x.png in Resources */ = {isa = PBXBuildFile; fileRef = CB1067E515DC4E53002053B6 /* coveted@2x.png */; };
		CB1067EA15DCEC16002053B6 /* Comment.m in Sources */ = {isa = PBXBuildFile; fileRef = CB1067E915DCEC16002053B6 /* Comment.m */; };
		CB1067ED15DCEC24002053B6 /* Like.m in Sources */ = {isa = PBXBuildFile; fileRef = CB1067EC15DCEC24002053B6 /* Like.m */; };
		CB7A0D191565A59D0022E2A8 /* EGOPhotoViewController.m in Sources */ = {isa = PBXBuildFile; fileRef = CB7A0CF91565A59D0022E2A8 /* EGOPhotoViewController.m */; settings = {COMPILER_FLAGS = "-fno-objc-arc"; }; };
		CB7A0D1A1565A59D0022E2A8 /* EGOQuickPhoto.m in Sources */ = {isa = PBXBuildFile; fileRef = CB7A0D001565A59D0022E2A8 /* EGOQuickPhoto.m */; settings = {COMPILER_FLAGS = "-fno-objc-arc"; }; };
		CB7A0D1B1565A59D0022E2A8 /* EGOQuickPhotoSource.m in Sources */ = {isa = PBXBuildFile; fileRef = CB7A0D021565A59D0022E2A8 /* EGOQuickPhotoSource.m */; settings = {COMPILER_FLAGS = "-fno-objc-arc"; }; };
		CB7A0D1C1565A59D0022E2A8 /* egopv_error_placeholder.png in Resources */ = {isa = PBXBuildFile; fileRef = CB7A0D041565A59D0022E2A8 /* egopv_error_placeholder.png */; };
		CB7A0D1D1565A59D0022E2A8 /* egopv_error_placeholder@2x.png in Resources */ = {isa = PBXBuildFile; fileRef = CB7A0D051565A59D0022E2A8 /* egopv_error_placeholder@2x.png */; };
		CB7A0D1E1565A59D0022E2A8 /* egopv_fullscreen_button.png in Resources */ = {isa = PBXBuildFile; fileRef = CB7A0D061565A59D0022E2A8 /* egopv_fullscreen_button.png */; };
		CB7A0D1F1565A59D0022E2A8 /* egopv_fullscreen_button@2x.png in Resources */ = {isa = PBXBuildFile; fileRef = CB7A0D071565A59D0022E2A8 /* egopv_fullscreen_button@2x.png */; };
		CB7A0D201565A59D0022E2A8 /* egopv_left.png in Resources */ = {isa = PBXBuildFile; fileRef = CB7A0D081565A59D0022E2A8 /* egopv_left.png */; };
		CB7A0D211565A59D0022E2A8 /* egopv_left@2x.png in Resources */ = {isa = PBXBuildFile; fileRef = CB7A0D091565A59D0022E2A8 /* egopv_left@2x.png */; };
		CB7A0D221565A59D0022E2A8 /* egopv_minimize_fullscreen_button.png in Resources */ = {isa = PBXBuildFile; fileRef = CB7A0D0A1565A59D0022E2A8 /* egopv_minimize_fullscreen_button.png */; };
		CB7A0D231565A59D0022E2A8 /* egopv_photo_placeholder.png in Resources */ = {isa = PBXBuildFile; fileRef = CB7A0D0B1565A59D0022E2A8 /* egopv_photo_placeholder.png */; };
		CB7A0D241565A59D0022E2A8 /* egopv_photo_placeholder@2x.png in Resources */ = {isa = PBXBuildFile; fileRef = CB7A0D0C1565A59D0022E2A8 /* egopv_photo_placeholder@2x.png */; };
		CB7A0D251565A59D0022E2A8 /* egopv_right.png in Resources */ = {isa = PBXBuildFile; fileRef = CB7A0D0D1565A59D0022E2A8 /* egopv_right.png */; };
		CB7A0D261565A59D0022E2A8 /* egopv_right@2x.png in Resources */ = {isa = PBXBuildFile; fileRef = CB7A0D0E1565A59D0022E2A8 /* egopv_right@2x.png */; };
		CB7A0D271565A59D0022E2A8 /* EGOPhotoCaptionView.m in Sources */ = {isa = PBXBuildFile; fileRef = CB7A0D121565A59D0022E2A8 /* EGOPhotoCaptionView.m */; settings = {COMPILER_FLAGS = "-fno-objc-arc"; }; };
		CB7A0D281565A59D0022E2A8 /* EGOPhotoImageView.m in Sources */ = {isa = PBXBuildFile; fileRef = CB7A0D151565A59D0022E2A8 /* EGOPhotoImageView.m */; settings = {COMPILER_FLAGS = "-fno-objc-arc"; }; };
		CB7A0D291565A59D0022E2A8 /* EGOPhotoScrollView.m in Sources */ = {isa = PBXBuildFile; fileRef = CB7A0D181565A59D0022E2A8 /* EGOPhotoScrollView.m */; settings = {COMPILER_FLAGS = "-fno-objc-arc"; }; };
		CB7A0D331565A5F80022E2A8 /* EGOCache.m in Sources */ = {isa = PBXBuildFile; fileRef = CB7A0D2D1565A5F80022E2A8 /* EGOCache.m */; settings = {COMPILER_FLAGS = "-fno-objc-arc"; }; };
		CB7A0D341565A5F80022E2A8 /* EGOImageLoadConnection.m in Sources */ = {isa = PBXBuildFile; fileRef = CB7A0D301565A5F80022E2A8 /* EGOImageLoadConnection.m */; settings = {COMPILER_FLAGS = "-fno-objc-arc"; }; };
		CB7A0D351565A5F80022E2A8 /* EGOImageLoader.m in Sources */ = {isa = PBXBuildFile; fileRef = CB7A0D321565A5F80022E2A8 /* EGOImageLoader.m */; settings = {COMPILER_FLAGS = "-fno-objc-arc"; }; };
		CB7A0D371565A67B0022E2A8 /* MessageUI.framework in Frameworks */ = {isa = PBXBuildFile; fileRef = CB7A0D361565A67B0022E2A8 /* MessageUI.framework */; };
		CB7A0D3A1565A72C0022E2A8 /* AlbumPhoto.m in Sources */ = {isa = PBXBuildFile; fileRef = CB7A0D391565A72C0022E2A8 /* AlbumPhoto.m */; };
		CB7A0D3D1565A7F40022E2A8 /* AlbumPhotoSource.m in Sources */ = {isa = PBXBuildFile; fileRef = CB7A0D3C1565A7F40022E2A8 /* AlbumPhotoSource.m */; };
		CB7A0D401565C00C0022E2A8 /* AlbumPhotoViewController.m in Sources */ = {isa = PBXBuildFile; fileRef = CB7A0D3F1565C00C0022E2A8 /* AlbumPhotoViewController.m */; };
		CBC74E0415ED902A003DE404 /* messageBar.png in Resources */ = {isa = PBXBuildFile; fileRef = CBC74DFC15ED902A003DE404 /* messageBar.png */; };
		CBC74E0515ED902A003DE404 /* messageBar@2x.png in Resources */ = {isa = PBXBuildFile; fileRef = CBC74DFD15ED902A003DE404 /* messageBar@2x.png */; };
		CBC74E0615ED902A003DE404 /* messageButton.png in Resources */ = {isa = PBXBuildFile; fileRef = CBC74DFE15ED902A003DE404 /* messageButton.png */; };
		CBC74E0715ED902A003DE404 /* messageButton@2x.png in Resources */ = {isa = PBXBuildFile; fileRef = CBC74DFF15ED902A003DE404 /* messageButton@2x.png */; };
		CBC74E0815ED902A003DE404 /* messageEntryBackground.png in Resources */ = {isa = PBXBuildFile; fileRef = CBC74E0015ED902A003DE404 /* messageEntryBackground.png */; };
		CBC74E0915ED902A003DE404 /* messageEntryBackground@2x.png in Resources */ = {isa = PBXBuildFile; fileRef = CBC74E0115ED902A003DE404 /* messageEntryBackground@2x.png */; };
		CBC74E0A15ED902A003DE404 /* messageEntryInputField.png in Resources */ = {isa = PBXBuildFile; fileRef = CBC74E0215ED902A003DE404 /* messageEntryInputField.png */; };
		CBC74E0B15ED902A003DE404 /* messageEntryInputField@2x.png in Resources */ = {isa = PBXBuildFile; fileRef = CBC74E0315ED902A003DE404 /* messageEntryInputField@2x.png */; };
		CBC74E0C15ED9364003DE404 /* HPGrowingTextView.m in Sources */ = {isa = PBXBuildFile; fileRef = CBC74DF815ED8A03003DE404 /* HPGrowingTextView.m */; settings = {COMPILER_FLAGS = "-fno-objc-arc"; }; };
		CBC74E0D15ED9364003DE404 /* HPTextViewInternal.m in Sources */ = {isa = PBXBuildFile; fileRef = CBC74DFA15ED8A03003DE404 /* HPTextViewInternal.m */; settings = {COMPILER_FLAGS = "-fno-objc-arc"; }; };
		CBD05E6315BFA0A9009C040E /* ProfileViewController.m in Sources */ = {isa = PBXBuildFile; fileRef = CBD05E6115BFA0A9009C040E /* ProfileViewController.m */; };
		CBD05E6415BFA0A9009C040E /* ProfileViewController.xib in Resources */ = {isa = PBXBuildFile; fileRef = CBD05E6215BFA0A9009C040E /* ProfileViewController.xib */; };
		CBD05E6715C001D6009C040E /* ActivityItemCell.m in Sources */ = {isa = PBXBuildFile; fileRef = CBD05E6615C001D6009C040E /* ActivityItemCell.m */; };
		CBD05E6A15C0020F009C040E /* YouTubeActivityItemCell.m in Sources */ = {isa = PBXBuildFile; fileRef = CBD05E6915C0020E009C040E /* YouTubeActivityItemCell.m */; };
		CBD05E6C15C00223009C040E /* YouTubeActivityItemCell.xib in Resources */ = {isa = PBXBuildFile; fileRef = CBD05E6B15C00222009C040E /* YouTubeActivityItemCell.xib */; };
		CBD05E6F15C012E0009C040E /* navBarBackground.png in Resources */ = {isa = PBXBuildFile; fileRef = CBD05E6D15C012E0009C040E /* navBarBackground.png */; };
		CBD05E7015C012E0009C040E /* navBarBackground@2x.png in Resources */ = {isa = PBXBuildFile; fileRef = CBD05E6E15C012E0009C040E /* navBarBackground@2x.png */; };
		CBD05E7315C0140A009C040E /* verticalDivider.png in Resources */ = {isa = PBXBuildFile; fileRef = CBD05E7115C0140A009C040E /* verticalDivider.png */; };
		CBD05E7415C0140A009C040E /* verticalDivider@2x.png in Resources */ = {isa = PBXBuildFile; fileRef = CBD05E7215C0140A009C040E /* verticalDivider@2x.png */; };
		CBD05E7915C015A9009C040E /* Default.png in Resources */ = {isa = PBXBuildFile; fileRef = CBD05E7515C01557009C040E /* Default.png */; };
		CBD05E7A15C015B0009C040E /* Default@2x.png in Resources */ = {isa = PBXBuildFile; fileRef = CBD05E7715C01570009C040E /* Default@2x.png */; };
		CBD05E7C15C015FC009C040E /* icon.png in Resources */ = {isa = PBXBuildFile; fileRef = CBD05E7B15C015FC009C040E /* icon.png */; };
		CBD05E7E15C01600009C040E /* icon@2x.png in Resources */ = {isa = PBXBuildFile; fileRef = CBD05E7D15C01600009C040E /* icon@2x.png */; };
		CBD05E8115C0171B009C040E /* playButton.png in Resources */ = {isa = PBXBuildFile; fileRef = CBD05E7F15C0171B009C040E /* playButton.png */; };
		CBD05E8215C0171B009C040E /* playButton@2x.png in Resources */ = {isa = PBXBuildFile; fileRef = CBD05E8015C0171B009C040E /* playButton@2x.png */; };
		CBD05E8515C0179C009C040E /* BlogPostActivityItemCell.m in Sources */ = {isa = PBXBuildFile; fileRef = CBD05E8415C0179B009C040E /* BlogPostActivityItemCell.m */; };
		CBD05E8715C017AF009C040E /* BlogPostActivityItemCell.xib in Resources */ = {isa = PBXBuildFile; fileRef = CBD05E8615C017AF009C040E /* BlogPostActivityItemCell.xib */; };
		CBD05E8A15C01CDB009C040E /* AlbumActivityItemCell.m in Sources */ = {isa = PBXBuildFile; fileRef = CBD05E8915C01CDA009C040E /* AlbumActivityItemCell.m */; };
		CBD05E8C15C01CEF009C040E /* AlbumActivityItemCell.xib in Resources */ = {isa = PBXBuildFile; fileRef = CBD05E8B15C01CEF009C040E /* AlbumActivityItemCell.xib */; };
		CBD05E8F15C01E7C009C040E /* likeCommentButton.png in Resources */ = {isa = PBXBuildFile; fileRef = CBD05E8D15C01E7C009C040E /* likeCommentButton.png */; };
		CBD05E9015C01E7C009C040E /* likeCommentButton@2x.png in Resources */ = {isa = PBXBuildFile; fileRef = CBD05E8E15C01E7C009C040E /* likeCommentButton@2x.png */; };
		CBD05E9315C01F71009C040E /* StatusActivityItemCell.m in Sources */ = {isa = PBXBuildFile; fileRef = CBD05E9215C01F70009C040E /* StatusActivityItemCell.m */; };
		CBD05E9515C01F84009C040E /* StatusActivityItemCell.xib in Resources */ = {isa = PBXBuildFile; fileRef = CBD05E9415C01F83009C040E /* StatusActivityItemCell.xib */; };
		CBD05E9915C0296E009C040E /* FollowViewController.m in Sources */ = {isa = PBXBuildFile; fileRef = CBD05E9715C0296C009C040E /* FollowViewController.m */; };
		CBD05E9A15C0296E009C040E /* FollowViewController.xib in Resources */ = {isa = PBXBuildFile; fileRef = CBD05E9815C0296D009C040E /* FollowViewController.xib */; };
		CBD05E9D15C02B5E009C040E /* FollowCell.m in Sources */ = {isa = PBXBuildFile; fileRef = CBD05E9C15C02B5C009C040E /* FollowCell.m */; };
		CBD05E9F15C02E7B009C040E /* FollowCell.xib in Resources */ = {isa = PBXBuildFile; fileRef = CBD05E9E15C02E7A009C040E /* FollowCell.xib */; };
		CBD05EA415C02F7B009C040E /* followButton.png in Resources */ = {isa = PBXBuildFile; fileRef = CBD05EA015C02F7B009C040E /* followButton.png */; };
		CBD05EA515C02F7B009C040E /* followButton@2x.png in Resources */ = {isa = PBXBuildFile; fileRef = CBD05EA115C02F7B009C040E /* followButton@2x.png */; };
		CBD05EA615C02F7B009C040E /* followingButton.png in Resources */ = {isa = PBXBuildFile; fileRef = CBD05EA215C02F7B009C040E /* followingButton.png */; };
		CBD05EA715C02F7B009C040E /* followingButton@2x.png in Resources */ = {isa = PBXBuildFile; fileRef = CBD05EA315C02F7B009C040E /* followingButton@2x.png */; };
		CBD05EAA15C036F8009C040E /* Friend.m in Sources */ = {isa = PBXBuildFile; fileRef = CBD05EA915C036F7009C040E /* Friend.m */; };
		CBD05EAD15C03EA6009C040E /* followButtonProfile.png in Resources */ = {isa = PBXBuildFile; fileRef = CBD05EAB15C03EA6009C040E /* followButtonProfile.png */; };
		CBD05EAE15C03EA6009C040E /* followButtonProfile@2x.png in Resources */ = {isa = PBXBuildFile; fileRef = CBD05EAC15C03EA6009C040E /* followButtonProfile@2x.png */; };
		F87266BC145EF4E200B775D3 /* TwitterSearchClient.m in Sources */ = {isa = PBXBuildFile; fileRef = F87266BB145EF4E200B775D3 /* TwitterSearchClient.m */; };
/* End PBXBuildFile section */

/* Begin PBXFileReference section */
		0927075D141E4C7800E778AE /* MapKit.framework */ = {isa = PBXFileReference; lastKnownFileType = wrapper.framework; name = MapKit.framework; path = System/Library/Frameworks/MapKit.framework; sourceTree = SDKROOT; };
		0927075F141E4E2B00E778AE /* StringHelper.h */ = {isa = PBXFileReference; fileEncoding = 4; lastKnownFileType = sourcecode.c.h; path = StringHelper.h; sourceTree = "<group>"; };
		09270760141E4E2B00E778AE /* StringHelper.m */ = {isa = PBXFileReference; fileEncoding = 4; lastKnownFileType = sourcecode.c.objc; path = StringHelper.m; sourceTree = "<group>"; };
		09270762141E4EC900E778AE /* DataHelper.h */ = {isa = PBXFileReference; fileEncoding = 4; lastKnownFileType = sourcecode.c.h; path = DataHelper.h; sourceTree = "<group>"; };
		09270763141E4EC900E778AE /* DataHelper.m */ = {isa = PBXFileReference; fileEncoding = 4; lastKnownFileType = sourcecode.c.objc; path = DataHelper.m; sourceTree = "<group>"; };
		09270768141E52BB00E778AE /* CoreLocation.framework */ = {isa = PBXFileReference; lastKnownFileType = wrapper.framework; name = CoreLocation.framework; path = System/Library/Frameworks/CoreLocation.framework; sourceTree = SDKROOT; };
		092D3D2A145AE54E002F5F6C /* AFURLCache.h */ = {isa = PBXFileReference; fileEncoding = 4; lastKnownFileType = sourcecode.c.h; path = AFURLCache.h; sourceTree = "<group>"; };
		092D3D2B145AE54E002F5F6C /* AFURLCache.m */ = {isa = PBXFileReference; fileEncoding = 4; lastKnownFileType = sourcecode.c.objc; path = AFURLCache.m; sourceTree = "<group>"; };
		093EC376145B0DE90010CDBB /* AFHTTPClient.h */ = {isa = PBXFileReference; fileEncoding = 4; lastKnownFileType = sourcecode.c.h; path = AFHTTPClient.h; sourceTree = "<group>"; };
		093EC377145B0DE90010CDBB /* AFHTTPClient.m */ = {isa = PBXFileReference; fileEncoding = 4; lastKnownFileType = sourcecode.c.objc; path = AFHTTPClient.m; sourceTree = "<group>"; };
		093EC378145B0DE90010CDBB /* AFHTTPRequestOperation.h */ = {isa = PBXFileReference; fileEncoding = 4; lastKnownFileType = sourcecode.c.h; path = AFHTTPRequestOperation.h; sourceTree = "<group>"; };
		093EC379145B0DE90010CDBB /* AFHTTPRequestOperation.m */ = {isa = PBXFileReference; fileEncoding = 4; lastKnownFileType = sourcecode.c.objc; path = AFHTTPRequestOperation.m; sourceTree = "<group>"; };
		093EC37A145B0DE90010CDBB /* AFImageCache.h */ = {isa = PBXFileReference; fileEncoding = 4; lastKnownFileType = sourcecode.c.h; path = AFImageCache.h; sourceTree = "<group>"; };
		093EC37B145B0DE90010CDBB /* AFImageCache.m */ = {isa = PBXFileReference; fileEncoding = 4; lastKnownFileType = sourcecode.c.objc; path = AFImageCache.m; sourceTree = "<group>"; };
		093EC37C145B0DE90010CDBB /* AFImageRequestOperation.h */ = {isa = PBXFileReference; fileEncoding = 4; lastKnownFileType = sourcecode.c.h; path = AFImageRequestOperation.h; sourceTree = "<group>"; };
		093EC37D145B0DE90010CDBB /* AFImageRequestOperation.m */ = {isa = PBXFileReference; fileEncoding = 4; lastKnownFileType = sourcecode.c.objc; path = AFImageRequestOperation.m; sourceTree = "<group>"; };
		093EC37E145B0DE90010CDBB /* AFJSONRequestOperation.h */ = {isa = PBXFileReference; fileEncoding = 4; lastKnownFileType = sourcecode.c.h; path = AFJSONRequestOperation.h; sourceTree = "<group>"; };
		093EC37F145B0DE90010CDBB /* AFJSONRequestOperation.m */ = {isa = PBXFileReference; fileEncoding = 4; lastKnownFileType = sourcecode.c.objc; path = AFJSONRequestOperation.m; sourceTree = "<group>"; };
		093EC380145B0DE90010CDBB /* AFNetworkActivityIndicatorManager.h */ = {isa = PBXFileReference; fileEncoding = 4; lastKnownFileType = sourcecode.c.h; path = AFNetworkActivityIndicatorManager.h; sourceTree = "<group>"; };
		093EC381145B0DE90010CDBB /* AFNetworkActivityIndicatorManager.m */ = {isa = PBXFileReference; fileEncoding = 4; lastKnownFileType = sourcecode.c.objc; path = AFNetworkActivityIndicatorManager.m; sourceTree = "<group>"; };
		093EC382145B0DE90010CDBB /* AFNetworking.h */ = {isa = PBXFileReference; fileEncoding = 4; lastKnownFileType = sourcecode.c.h; path = AFNetworking.h; sourceTree = "<group>"; };
		093EC383145B0DE90010CDBB /* AFPropertyListRequestOperation.h */ = {isa = PBXFileReference; fileEncoding = 4; lastKnownFileType = sourcecode.c.h; path = AFPropertyListRequestOperation.h; sourceTree = "<group>"; };
		093EC384145B0DE90010CDBB /* AFPropertyListRequestOperation.m */ = {isa = PBXFileReference; fileEncoding = 4; lastKnownFileType = sourcecode.c.objc; path = AFPropertyListRequestOperation.m; sourceTree = "<group>"; };
		093EC385145B0DE90010CDBB /* AFURLConnectionOperation.h */ = {isa = PBXFileReference; fileEncoding = 4; lastKnownFileType = sourcecode.c.h; path = AFURLConnectionOperation.h; sourceTree = "<group>"; };
		093EC386145B0DE90010CDBB /* AFURLConnectionOperation.m */ = {isa = PBXFileReference; fileEncoding = 4; lastKnownFileType = sourcecode.c.objc; path = AFURLConnectionOperation.m; sourceTree = "<group>"; };
		093EC387145B0DE90010CDBB /* AFXMLRequestOperation.h */ = {isa = PBXFileReference; fileEncoding = 4; lastKnownFileType = sourcecode.c.h; path = AFXMLRequestOperation.h; sourceTree = "<group>"; };
		093EC388145B0DE90010CDBB /* AFXMLRequestOperation.m */ = {isa = PBXFileReference; fileEncoding = 4; lastKnownFileType = sourcecode.c.objc; path = AFXMLRequestOperation.m; sourceTree = "<group>"; };
		093EC389145B0DE90010CDBB /* UIImageView+AFNetworking.h */ = {isa = PBXFileReference; fileEncoding = 4; lastKnownFileType = sourcecode.c.h; path = "UIImageView+AFNetworking.h"; sourceTree = "<group>"; };
		093EC38A145B0DE90010CDBB /* UIImageView+AFNetworking.m */ = {isa = PBXFileReference; fileEncoding = 4; lastKnownFileType = sourcecode.c.objc; path = "UIImageView+AFNetworking.m"; sourceTree = "<group>"; };
		09885E901418F2E500CCE17A /* StyleHills.app */ = {isa = PBXFileReference; explicitFileType = wrapper.application; includeInIndex = 0; path = StyleHills.app; sourceTree = BUILT_PRODUCTS_DIR; };
		09885E941418F2E500CCE17A /* UIKit.framework */ = {isa = PBXFileReference; lastKnownFileType = wrapper.framework; name = UIKit.framework; path = System/Library/Frameworks/UIKit.framework; sourceTree = SDKROOT; };
		09885E961418F2E500CCE17A /* Foundation.framework */ = {isa = PBXFileReference; lastKnownFileType = wrapper.framework; name = Foundation.framework; path = System/Library/Frameworks/Foundation.framework; sourceTree = SDKROOT; };
		09885E981418F2E600CCE17A /* CoreGraphics.framework */ = {isa = PBXFileReference; lastKnownFileType = wrapper.framework; name = CoreGraphics.framework; path = System/Library/Frameworks/CoreGraphics.framework; sourceTree = SDKROOT; };
		09885E9C1418F2E600CCE17A /* StyleHills-Info.plist */ = {isa = PBXFileReference; lastKnownFileType = text.plist.xml; path = "StyleHills-Info.plist"; sourceTree = "<group>"; };
		09885E9E1418F2E600CCE17A /* en */ = {isa = PBXFileReference; lastKnownFileType = text.plist.strings; name = en; path = en.lproj/InfoPlist.strings; sourceTree = "<group>"; };
		09885EA01418F2E600CCE17A /* main.m */ = {isa = PBXFileReference; lastKnownFileType = sourcecode.c.objc; path = main.m; sourceTree = "<group>"; };
		09885EA21418F2E600CCE17A /* StyleHills-Prefix.pch */ = {isa = PBXFileReference; lastKnownFileType = sourcecode.c.h; path = "StyleHills-Prefix.pch"; sourceTree = "<group>"; };
		09885EA31418F2E600CCE17A /* StyleHillsAppDelegate.h */ = {isa = PBXFileReference; lastKnownFileType = sourcecode.c.h; path = StyleHillsAppDelegate.h; sourceTree = "<group>"; };
		09885EA41418F2E600CCE17A /* StyleHillsAppDelegate.m */ = {isa = PBXFileReference; lastKnownFileType = sourcecode.c.objc; path = StyleHillsAppDelegate.m; sourceTree = "<group>"; };
		09885EA71418F2E600CCE17A /* en */ = {isa = PBXFileReference; lastKnownFileType = file.xib; name = en; path = en.lproj/MainWindow.xib; sourceTree = "<group>"; };
		09885EA91418F2E600CCE17A /* RootViewController.h */ = {isa = PBXFileReference; lastKnownFileType = sourcecode.c.h; path = RootViewController.h; sourceTree = "<group>"; };
		09885EAA1418F2E600CCE17A /* RootViewController.m */ = {isa = PBXFileReference; lastKnownFileType = sourcecode.c.objc; path = RootViewController.m; sourceTree = "<group>"; };
		09885EAD1418F2E600CCE17A /* en */ = {isa = PBXFileReference; lastKnownFileType = file.xib; name = en; path = en.lproj/RootViewController.xib; sourceTree = "<group>"; };
		09885EB51418F2E600CCE17A /* SenTestingKit.framework */ = {isa = PBXFileReference; lastKnownFileType = wrapper.framework; name = SenTestingKit.framework; path = Library/Frameworks/SenTestingKit.framework; sourceTree = DEVELOPER_DIR; };
		09885EEC1418F3F900CCE17A /* CFNetwork.framework */ = {isa = PBXFileReference; lastKnownFileType = wrapper.framework; name = CFNetwork.framework; path = System/Library/Frameworks/CFNetwork.framework; sourceTree = SDKROOT; };
		09885EEE1418F40200CCE17A /* SystemConfiguration.framework */ = {isa = PBXFileReference; lastKnownFileType = wrapper.framework; name = SystemConfiguration.framework; path = System/Library/Frameworks/SystemConfiguration.framework; sourceTree = SDKROOT; };
		09885EF11418F44200CCE17A /* MobileCoreServices.framework */ = {isa = PBXFileReference; lastKnownFileType = wrapper.framework; name = MobileCoreServices.framework; path = System/Library/Frameworks/MobileCoreServices.framework; sourceTree = SDKROOT; };
		09885F3F1418FFE000CCE17A /* SVProgressHUD.bundle */ = {isa = PBXFileReference; lastKnownFileType = "wrapper.plug-in"; path = SVProgressHUD.bundle; sourceTree = "<group>"; };
		09885F401418FFE000CCE17A /* SVProgressHUD.h */ = {isa = PBXFileReference; fileEncoding = 4; lastKnownFileType = sourcecode.c.h; path = SVProgressHUD.h; sourceTree = "<group>"; };
		09885F411418FFE000CCE17A /* SVProgressHUD.m */ = {isa = PBXFileReference; fileEncoding = 4; lastKnownFileType = sourcecode.c.objc; path = SVProgressHUD.m; sourceTree = "<group>"; };
		09885F441419009200CCE17A /* QuartzCore.framework */ = {isa = PBXFileReference; lastKnownFileType = wrapper.framework; name = QuartzCore.framework; path = System/Library/Frameworks/QuartzCore.framework; sourceTree = SDKROOT; };
		09885F46141901E700CCE17A /* DictionaryHelper.h */ = {isa = PBXFileReference; fileEncoding = 4; lastKnownFileType = sourcecode.c.h; path = DictionaryHelper.h; sourceTree = "<group>"; };
		09885F47141901E700CCE17A /* DictionaryHelper.m */ = {isa = PBXFileReference; fileEncoding = 4; lastKnownFileType = sourcecode.c.objc; path = DictionaryHelper.m; sourceTree = "<group>"; };
		09885F4A1419028D00CCE17A /* JSONKit.h */ = {isa = PBXFileReference; fileEncoding = 4; lastKnownFileType = sourcecode.c.h; path = JSONKit.h; sourceTree = "<group>"; };
		09885F4B1419028D00CCE17A /* JSONKit.m */ = {isa = PBXFileReference; fileEncoding = 4; lastKnownFileType = sourcecode.c.objc; path = JSONKit.m; sourceTree = "<group>"; };
		09885F5714190D7900CCE17A /* FastCell.h */ = {isa = PBXFileReference; fileEncoding = 4; lastKnownFileType = sourcecode.c.h; path = FastCell.h; sourceTree = "<group>"; };
		09885F5814190D7900CCE17A /* FastCell.m */ = {isa = PBXFileReference; fileEncoding = 4; lastKnownFileType = sourcecode.c.objc; path = FastCell.m; sourceTree = "<group>"; };
		09E442B9141F96A900AD2DAE /* EGORefreshTableHeaderView.h */ = {isa = PBXFileReference; fileEncoding = 4; lastKnownFileType = sourcecode.c.h; path = EGORefreshTableHeaderView.h; sourceTree = "<group>"; };
		09E442BA141F96A900AD2DAE /* EGORefreshTableHeaderView.m */ = {isa = PBXFileReference; fileEncoding = 4; lastKnownFileType = sourcecode.c.objc; path = EGORefreshTableHeaderView.m; sourceTree = "<group>"; };
		09E442BE141F970400AD2DAE /* blackArrow.png */ = {isa = PBXFileReference; lastKnownFileType = image.png; path = blackArrow.png; sourceTree = "<group>"; };
		09E442BF141F970400AD2DAE /* blackArrow@2x.png */ = {isa = PBXFileReference; lastKnownFileType = image.png; path = "blackArrow@2x.png"; sourceTree = "<group>"; };
		09E442C0141F970400AD2DAE /* blueArrow.png */ = {isa = PBXFileReference; lastKnownFileType = image.png; path = blueArrow.png; sourceTree = "<group>"; };
		09E442C1141F970400AD2DAE /* blueArrow@2x.png */ = {isa = PBXFileReference; lastKnownFileType = image.png; path = "blueArrow@2x.png"; sourceTree = "<group>"; };
		09E442C2141F970400AD2DAE /* grayArrow.png */ = {isa = PBXFileReference; lastKnownFileType = image.png; path = grayArrow.png; sourceTree = "<group>"; };
		09E442C3141F970400AD2DAE /* grayArrow@2x.png */ = {isa = PBXFileReference; lastKnownFileType = image.png; path = "grayArrow@2x.png"; sourceTree = "<group>"; };
		09E442C4141F970400AD2DAE /* whiteArrow.png */ = {isa = PBXFileReference; lastKnownFileType = image.png; path = whiteArrow.png; sourceTree = "<group>"; };
		09E442C5141F970400AD2DAE /* whiteArrow@2x.png */ = {isa = PBXFileReference; lastKnownFileType = image.png; path = "whiteArrow@2x.png"; sourceTree = "<group>"; };
		09E442CE141F97AE00AD2DAE /* ListViewController.h */ = {isa = PBXFileReference; fileEncoding = 4; lastKnownFileType = sourcecode.c.h; path = ListViewController.h; sourceTree = "<group>"; };
		09E442CF141F97AE00AD2DAE /* ListViewController.m */ = {isa = PBXFileReference; fileEncoding = 4; lastKnownFileType = sourcecode.c.objc; path = ListViewController.m; sourceTree = "<group>"; };
		C37BC8E3144C340600423D44 /* libz.dylib */ = {isa = PBXFileReference; lastKnownFileType = "compiled.mach-o.dylib"; name = libz.dylib; path = usr/lib/libz.dylib; sourceTree = SDKROOT; };
		CB0CD715155A11950039AF2F /* CityStreamViewController.h */ = {isa = PBXFileReference; fileEncoding = 4; lastKnownFileType = sourcecode.c.h; path = CityStreamViewController.h; sourceTree = "<group>"; };
		CB0CD716155A11950039AF2F /* CityStreamViewController.m */ = {isa = PBXFileReference; fileEncoding = 4; lastKnownFileType = sourcecode.c.objc; path = CityStreamViewController.m; sourceTree = "<group>"; };
		CB0CD717155A11950039AF2F /* CityStreamViewController.xib */ = {isa = PBXFileReference; fileEncoding = 4; lastKnownFileType = file.xib; path = CityStreamViewController.xib; sourceTree = "<group>"; };
		CB0CD71D155A18020039AF2F /* Item.h */ = {isa = PBXFileReference; fileEncoding = 4; lastKnownFileType = sourcecode.c.h; path = Item.h; sourceTree = "<group>"; };
		CB0CD71E155A18020039AF2F /* Item.m */ = {isa = PBXFileReference; fileEncoding = 4; lastKnownFileType = sourcecode.c.objc; path = Item.m; sourceTree = "<group>"; };
		CB0CD721155A19D00039AF2F /* NSDictionary+QueryStringBuilder.h */ = {isa = PBXFileReference; lastKnownFileType = sourcecode.c.h; path = "NSDictionary+QueryStringBuilder.h"; sourceTree = "<group>"; };
		CB0CD722155A19D00039AF2F /* NSDictionary+QueryStringBuilder.m */ = {isa = PBXFileReference; lastKnownFileType = sourcecode.c.objc; path = "NSDictionary+QueryStringBuilder.m"; sourceTree = "<group>"; };
		CB0CD723155A19D00039AF2F /* NSString+Util.h */ = {isa = PBXFileReference; lastKnownFileType = sourcecode.c.h; path = "NSString+Util.h"; sourceTree = "<group>"; };
		CB0CD724155A19D00039AF2F /* NSString+Util.m */ = {isa = PBXFileReference; lastKnownFileType = sourcecode.c.objc; path = "NSString+Util.m"; sourceTree = "<group>"; };
		CB0CD725155A19D00039AF2F /* UINavigationBar+CustomImage.h */ = {isa = PBXFileReference; lastKnownFileType = sourcecode.c.h; path = "UINavigationBar+CustomImage.h"; sourceTree = "<group>"; };
		CB0CD726155A19D00039AF2F /* UINavigationBar+CustomImage.m */ = {isa = PBXFileReference; lastKnownFileType = sourcecode.c.objc; path = "UINavigationBar+CustomImage.m"; sourceTree = "<group>"; };
		CB0CD727155A19D00039AF2F /* UITextView+NoScrollUp.h */ = {isa = PBXFileReference; lastKnownFileType = sourcecode.c.h; path = "UITextView+NoScrollUp.h"; sourceTree = "<group>"; };
		CB0CD728155A19D00039AF2F /* UITextView+NoScrollUp.m */ = {isa = PBXFileReference; lastKnownFileType = sourcecode.c.objc; path = "UITextView+NoScrollUp.m"; sourceTree = "<group>"; };
		CB0CD729155A19D00039AF2F /* UIView+FormScroll.h */ = {isa = PBXFileReference; lastKnownFileType = sourcecode.c.h; path = "UIView+FormScroll.h"; sourceTree = "<group>"; };
		CB0CD72A155A19D00039AF2F /* UIView+FormScroll.m */ = {isa = PBXFileReference; lastKnownFileType = sourcecode.c.objc; path = "UIView+FormScroll.m"; sourceTree = "<group>"; };
		CB1067C215DB0789002053B6 /* CommentViewController.h */ = {isa = PBXFileReference; fileEncoding = 4; lastKnownFileType = sourcecode.c.h; path = CommentViewController.h; sourceTree = "<group>"; };
		CB1067C315DB0789002053B6 /* CommentViewController.m */ = {isa = PBXFileReference; fileEncoding = 4; lastKnownFileType = sourcecode.c.objc; path = CommentViewController.m; sourceTree = "<group>"; };
		CB1067C415DB0789002053B6 /* CommentViewController.xib */ = {isa = PBXFileReference; fileEncoding = 4; lastKnownFileType = file.xib; path = CommentViewController.xib; sourceTree = "<group>"; };
		CB1067C815DB0C82002053B6 /* covet.png */ = {isa = PBXFileReference; lastKnownFileType = image.png; path = covet.png; sourceTree = "<group>"; };
		CB1067C915DB0C82002053B6 /* covet@2x.png */ = {isa = PBXFileReference; lastKnownFileType = image.png; path = "covet@2x.png"; sourceTree = "<group>"; };
		CB1067CA15DB0C82002053B6 /* covetDepressed.png */ = {isa = PBXFileReference; lastKnownFileType = image.png; path = covetDepressed.png; sourceTree = "<group>"; };
		CB1067CB15DB0C82002053B6 /* covetDepressed@2x.png */ = {isa = PBXFileReference; lastKnownFileType = image.png; path = "covetDepressed@2x.png"; sourceTree = "<group>"; };
		CB1067D015DB0C91002053B6 /* saveToClipboard.png */ = {isa = PBXFileReference; lastKnownFileType = image.png; path = saveToClipboard.png; sourceTree = "<group>"; };
		CB1067D115DB0C91002053B6 /* saveToClipboard@2x.png */ = {isa = PBXFileReference; lastKnownFileType = image.png; path = "saveToClipboard@2x.png"; sourceTree = "<group>"; };
		CB1067D215DB0C91002053B6 /* saveToClipboardDepressed.png */ = {isa = PBXFileReference; lastKnownFileType = image.png; path = saveToClipboardDepressed.png; sourceTree = "<group>"; };
		CB1067D315DB0C91002053B6 /* saveToClipboardDepressed@2x.png */ = {isa = PBXFileReference; lastKnownFileType = image.png; path = "saveToClipboardDepressed@2x.png"; sourceTree = "<group>"; };
		CB1067D415DB0C91002053B6 /* shareButton.png */ = {isa = PBXFileReference; lastKnownFileType = image.png; path = shareButton.png; sourceTree = "<group>"; };
		CB1067D515DB0C91002053B6 /* shareButton@2x.png */ = {isa = PBXFileReference; lastKnownFileType = image.png; path = "shareButton@2x.png"; sourceTree = "<group>"; };
		CB1067DC15DC35C6002053B6 /* commentTopCellBackground.png */ = {isa = PBXFileReference; lastKnownFileType = image.png; path = commentTopCellBackground.png; sourceTree = "<group>"; };
		CB1067DD15DC35C6002053B6 /* commentTopCellBackground@2x.png */ = {isa = PBXFileReference; lastKnownFileType = image.png; path = "commentTopCellBackground@2x.png"; sourceTree = "<group>"; };
		CB1067E015DC381D002053B6 /* commentTopCellImageBorder.png */ = {isa = PBXFileReference; lastKnownFileType = image.png; path = commentTopCellImageBorder.png; sourceTree = "<group>"; };
		CB1067E115DC381D002053B6 /* commentTopCellImageBorder@2x.png */ = {isa = PBXFileReference; lastKnownFileType = image.png; path = "commentTopCellImageBorder@2x.png"; sourceTree = "<group>"; };
		CB1067E415DC4E53002053B6 /* coveted.png */ = {isa = PBXFileReference; lastKnownFileType = image.png; path = coveted.png; sourceTree = "<group>"; };
		CB1067E515DC4E53002053B6 /* coveted@2x.png */ = {isa = PBXFileReference; lastKnownFileType = image.png; path = "coveted@2x.png"; sourceTree = "<group>"; };
		CB1067E815DCEC16002053B6 /* Comment.h */ = {isa = PBXFileReference; fileEncoding = 4; lastKnownFileType = sourcecode.c.h; path = Comment.h; sourceTree = "<group>"; };
		CB1067E915DCEC16002053B6 /* Comment.m */ = {isa = PBXFileReference; fileEncoding = 4; lastKnownFileType = sourcecode.c.objc; path = Comment.m; sourceTree = "<group>"; };
		CB1067EB15DCEC24002053B6 /* Like.h */ = {isa = PBXFileReference; fileEncoding = 4; lastKnownFileType = sourcecode.c.h; path = Like.h; sourceTree = "<group>"; };
		CB1067EC15DCEC24002053B6 /* Like.m */ = {isa = PBXFileReference; fileEncoding = 4; lastKnownFileType = sourcecode.c.objc; path = Like.m; sourceTree = "<group>"; };
		CB7A0CF81565A59D0022E2A8 /* EGOPhotoViewController.h */ = {isa = PBXFileReference; fileEncoding = 4; lastKnownFileType = sourcecode.c.h; path = EGOPhotoViewController.h; sourceTree = "<group>"; };
		CB7A0CF91565A59D0022E2A8 /* EGOPhotoViewController.m */ = {isa = PBXFileReference; fileEncoding = 4; lastKnownFileType = sourcecode.c.objc; path = EGOPhotoViewController.m; sourceTree = "<group>"; };
		CB7A0CFA1565A59D0022E2A8 /* EGOPhotoGlobal.h */ = {isa = PBXFileReference; fileEncoding = 4; lastKnownFileType = sourcecode.c.h; path = EGOPhotoGlobal.h; sourceTree = "<group>"; };
		CB7A0CFD1565A59D0022E2A8 /* EGOPhotoSource.h */ = {isa = PBXFileReference; fileEncoding = 4; lastKnownFileType = sourcecode.c.h; path = EGOPhotoSource.h; sourceTree = "<group>"; };
		CB7A0CFF1565A59D0022E2A8 /* EGOQuickPhoto.h */ = {isa = PBXFileReference; fileEncoding = 4; lastKnownFileType = sourcecode.c.h; path = EGOQuickPhoto.h; sourceTree = "<group>"; };
		CB7A0D001565A59D0022E2A8 /* EGOQuickPhoto.m */ = {isa = PBXFileReference; fileEncoding = 4; lastKnownFileType = sourcecode.c.objc; path = EGOQuickPhoto.m; sourceTree = "<group>"; };
		CB7A0D011565A59D0022E2A8 /* EGOQuickPhotoSource.h */ = {isa = PBXFileReference; fileEncoding = 4; lastKnownFileType = sourcecode.c.h; path = EGOQuickPhotoSource.h; sourceTree = "<group>"; };
		CB7A0D021565A59D0022E2A8 /* EGOQuickPhotoSource.m */ = {isa = PBXFileReference; fileEncoding = 4; lastKnownFileType = sourcecode.c.objc; path = EGOQuickPhotoSource.m; sourceTree = "<group>"; };
		CB7A0D041565A59D0022E2A8 /* egopv_error_placeholder.png */ = {isa = PBXFileReference; lastKnownFileType = image.png; path = egopv_error_placeholder.png; sourceTree = "<group>"; };
		CB7A0D051565A59D0022E2A8 /* egopv_error_placeholder@2x.png */ = {isa = PBXFileReference; lastKnownFileType = image.png; path = "egopv_error_placeholder@2x.png"; sourceTree = "<group>"; };
		CB7A0D061565A59D0022E2A8 /* egopv_fullscreen_button.png */ = {isa = PBXFileReference; lastKnownFileType = image.png; path = egopv_fullscreen_button.png; sourceTree = "<group>"; };
		CB7A0D071565A59D0022E2A8 /* egopv_fullscreen_button@2x.png */ = {isa = PBXFileReference; lastKnownFileType = image.png; path = "egopv_fullscreen_button@2x.png"; sourceTree = "<group>"; };
		CB7A0D081565A59D0022E2A8 /* egopv_left.png */ = {isa = PBXFileReference; lastKnownFileType = image.png; path = egopv_left.png; sourceTree = "<group>"; };
		CB7A0D091565A59D0022E2A8 /* egopv_left@2x.png */ = {isa = PBXFileReference; lastKnownFileType = image.png; path = "egopv_left@2x.png"; sourceTree = "<group>"; };
		CB7A0D0A1565A59D0022E2A8 /* egopv_minimize_fullscreen_button.png */ = {isa = PBXFileReference; lastKnownFileType = image.png; path = egopv_minimize_fullscreen_button.png; sourceTree = "<group>"; };
		CB7A0D0B1565A59D0022E2A8 /* egopv_photo_placeholder.png */ = {isa = PBXFileReference; lastKnownFileType = image.png; path = egopv_photo_placeholder.png; sourceTree = "<group>"; };
		CB7A0D0C1565A59D0022E2A8 /* egopv_photo_placeholder@2x.png */ = {isa = PBXFileReference; lastKnownFileType = image.png; path = "egopv_photo_placeholder@2x.png"; sourceTree = "<group>"; };
		CB7A0D0D1565A59D0022E2A8 /* egopv_right.png */ = {isa = PBXFileReference; lastKnownFileType = image.png; path = egopv_right.png; sourceTree = "<group>"; };
		CB7A0D0E1565A59D0022E2A8 /* egopv_right@2x.png */ = {isa = PBXFileReference; lastKnownFileType = image.png; path = "egopv_right@2x.png"; sourceTree = "<group>"; };
		CB7A0D111565A59D0022E2A8 /* EGOPhotoCaptionView.h */ = {isa = PBXFileReference; fileEncoding = 4; lastKnownFileType = sourcecode.c.h; path = EGOPhotoCaptionView.h; sourceTree = "<group>"; };
		CB7A0D121565A59D0022E2A8 /* EGOPhotoCaptionView.m */ = {isa = PBXFileReference; fileEncoding = 4; lastKnownFileType = sourcecode.c.objc; path = EGOPhotoCaptionView.m; sourceTree = "<group>"; };
		CB7A0D141565A59D0022E2A8 /* EGOPhotoImageView.h */ = {isa = PBXFileReference; fileEncoding = 4; lastKnownFileType = sourcecode.c.h; path = EGOPhotoImageView.h; sourceTree = "<group>"; };
		CB7A0D151565A59D0022E2A8 /* EGOPhotoImageView.m */ = {isa = PBXFileReference; fileEncoding = 4; lastKnownFileType = sourcecode.c.objc; path = EGOPhotoImageView.m; sourceTree = "<group>"; };
		CB7A0D171565A59D0022E2A8 /* EGOPhotoScrollView.h */ = {isa = PBXFileReference; fileEncoding = 4; lastKnownFileType = sourcecode.c.h; path = EGOPhotoScrollView.h; sourceTree = "<group>"; };
		CB7A0D181565A59D0022E2A8 /* EGOPhotoScrollView.m */ = {isa = PBXFileReference; fileEncoding = 4; lastKnownFileType = sourcecode.c.objc; path = EGOPhotoScrollView.m; sourceTree = "<group>"; };
		CB7A0D2C1565A5F80022E2A8 /* EGOCache.h */ = {isa = PBXFileReference; fileEncoding = 4; lastKnownFileType = sourcecode.c.h; path = EGOCache.h; sourceTree = "<group>"; };
		CB7A0D2D1565A5F80022E2A8 /* EGOCache.m */ = {isa = PBXFileReference; fileEncoding = 4; lastKnownFileType = sourcecode.c.objc; path = EGOCache.m; sourceTree = "<group>"; };
		CB7A0D2F1565A5F80022E2A8 /* EGOImageLoadConnection.h */ = {isa = PBXFileReference; fileEncoding = 4; lastKnownFileType = sourcecode.c.h; path = EGOImageLoadConnection.h; sourceTree = "<group>"; };
		CB7A0D301565A5F80022E2A8 /* EGOImageLoadConnection.m */ = {isa = PBXFileReference; fileEncoding = 4; lastKnownFileType = sourcecode.c.objc; path = EGOImageLoadConnection.m; sourceTree = "<group>"; };
		CB7A0D311565A5F80022E2A8 /* EGOImageLoader.h */ = {isa = PBXFileReference; fileEncoding = 4; lastKnownFileType = sourcecode.c.h; path = EGOImageLoader.h; sourceTree = "<group>"; };
		CB7A0D321565A5F80022E2A8 /* EGOImageLoader.m */ = {isa = PBXFileReference; fileEncoding = 4; lastKnownFileType = sourcecode.c.objc; path = EGOImageLoader.m; sourceTree = "<group>"; };
		CB7A0D361565A67B0022E2A8 /* MessageUI.framework */ = {isa = PBXFileReference; lastKnownFileType = wrapper.framework; name = MessageUI.framework; path = System/Library/Frameworks/MessageUI.framework; sourceTree = SDKROOT; };
		CB7A0D381565A72C0022E2A8 /* AlbumPhoto.h */ = {isa = PBXFileReference; fileEncoding = 4; lastKnownFileType = sourcecode.c.h; path = AlbumPhoto.h; sourceTree = "<group>"; };
		CB7A0D391565A72C0022E2A8 /* AlbumPhoto.m */ = {isa = PBXFileReference; fileEncoding = 4; lastKnownFileType = sourcecode.c.objc; path = AlbumPhoto.m; sourceTree = "<group>"; };
		CB7A0D3B1565A7F40022E2A8 /* AlbumPhotoSource.h */ = {isa = PBXFileReference; fileEncoding = 4; lastKnownFileType = sourcecode.c.h; path = AlbumPhotoSource.h; sourceTree = "<group>"; };
		CB7A0D3C1565A7F40022E2A8 /* AlbumPhotoSource.m */ = {isa = PBXFileReference; fileEncoding = 4; lastKnownFileType = sourcecode.c.objc; path = AlbumPhotoSource.m; sourceTree = "<group>"; };
		CB7A0D3E1565C00C0022E2A8 /* AlbumPhotoViewController.h */ = {isa = PBXFileReference; fileEncoding = 4; lastKnownFileType = sourcecode.c.h; path = AlbumPhotoViewController.h; sourceTree = "<group>"; };
		CB7A0D3F1565C00C0022E2A8 /* AlbumPhotoViewController.m */ = {isa = PBXFileReference; fileEncoding = 4; lastKnownFileType = sourcecode.c.objc; path = AlbumPhotoViewController.m; sourceTree = "<group>"; };
		CBC74DF715ED8A03003DE404 /* HPGrowingTextView.h */ = {isa = PBXFileReference; lastKnownFileType = sourcecode.c.h; path = HPGrowingTextView.h; sourceTree = "<group>"; };
		CBC74DF815ED8A03003DE404 /* HPGrowingTextView.m */ = {isa = PBXFileReference; lastKnownFileType = sourcecode.c.objc; path = HPGrowingTextView.m; sourceTree = "<group>"; };
		CBC74DF915ED8A03003DE404 /* HPTextViewInternal.h */ = {isa = PBXFileReference; lastKnownFileType = sourcecode.c.h; path = HPTextViewInternal.h; sourceTree = "<group>"; };
		CBC74DFA15ED8A03003DE404 /* HPTextViewInternal.m */ = {isa = PBXFileReference; lastKnownFileType = sourcecode.c.objc; path = HPTextViewInternal.m; sourceTree = "<group>"; };
		CBC74DFC15ED902A003DE404 /* messageBar.png */ = {isa = PBXFileReference; lastKnownFileType = image.png; path = messageBar.png; sourceTree = "<group>"; };
		CBC74DFD15ED902A003DE404 /* messageBar@2x.png */ = {isa = PBXFileReference; lastKnownFileType = image.png; path = "messageBar@2x.png"; sourceTree = "<group>"; };
		CBC74DFE15ED902A003DE404 /* messageButton.png */ = {isa = PBXFileReference; lastKnownFileType = image.png; path = messageButton.png; sourceTree = "<group>"; };
		CBC74DFF15ED902A003DE404 /* messageButton@2x.png */ = {isa = PBXFileReference; lastKnownFileType = image.png; path = "messageButton@2x.png"; sourceTree = "<group>"; };
		CBC74E0015ED902A003DE404 /* messageEntryBackground.png */ = {isa = PBXFileReference; lastKnownFileType = image.png; path = messageEntryBackground.png; sourceTree = "<group>"; };
		CBC74E0115ED902A003DE404 /* messageEntryBackground@2x.png */ = {isa = PBXFileReference; lastKnownFileType = image.png; path = "messageEntryBackground@2x.png"; sourceTree = "<group>"; };
		CBC74E0215ED902A003DE404 /* messageEntryInputField.png */ = {isa = PBXFileReference; lastKnownFileType = image.png; path = messageEntryInputField.png; sourceTree = "<group>"; };
		CBC74E0315ED902A003DE404 /* messageEntryInputField@2x.png */ = {isa = PBXFileReference; lastKnownFileType = image.png; path = "messageEntryInputField@2x.png"; sourceTree = "<group>"; };
		CBD05E6015BFA0A9009C040E /* ProfileViewController.h */ = {isa = PBXFileReference; fileEncoding = 4; lastKnownFileType = sourcecode.c.h; path = ProfileViewController.h; sourceTree = "<group>"; };
		CBD05E6115BFA0A9009C040E /* ProfileViewController.m */ = {isa = PBXFileReference; fileEncoding = 4; lastKnownFileType = sourcecode.c.objc; path = ProfileViewController.m; sourceTree = "<group>"; };
		CBD05E6215BFA0A9009C040E /* ProfileViewController.xib */ = {isa = PBXFileReference; fileEncoding = 4; lastKnownFileType = file.xib; path = ProfileViewController.xib; sourceTree = "<group>"; };
		CBD05E6515C001D5009C040E /* ActivityItemCell.h */ = {isa = PBXFileReference; fileEncoding = 4; lastKnownFileType = sourcecode.c.h; path = ActivityItemCell.h; sourceTree = "<group>"; };
		CBD05E6615C001D6009C040E /* ActivityItemCell.m */ = {isa = PBXFileReference; fileEncoding = 4; lastKnownFileType = sourcecode.c.objc; path = ActivityItemCell.m; sourceTree = "<group>"; };
		CBD05E6815C0020E009C040E /* YouTubeActivityItemCell.h */ = {isa = PBXFileReference; fileEncoding = 4; lastKnownFileType = sourcecode.c.h; path = YouTubeActivityItemCell.h; sourceTree = "<group>"; };
		CBD05E6915C0020E009C040E /* YouTubeActivityItemCell.m */ = {isa = PBXFileReference; fileEncoding = 4; lastKnownFileType = sourcecode.c.objc; path = YouTubeActivityItemCell.m; sourceTree = "<group>"; };
		CBD05E6B15C00222009C040E /* YouTubeActivityItemCell.xib */ = {isa = PBXFileReference; fileEncoding = 4; lastKnownFileType = file.xib; path = YouTubeActivityItemCell.xib; sourceTree = "<group>"; };
		CBD05E6D15C012E0009C040E /* navBarBackground.png */ = {isa = PBXFileReference; lastKnownFileType = image.png; path = navBarBackground.png; sourceTree = "<group>"; };
		CBD05E6E15C012E0009C040E /* navBarBackground@2x.png */ = {isa = PBXFileReference; lastKnownFileType = image.png; path = "navBarBackground@2x.png"; sourceTree = "<group>"; };
		CBD05E7115C0140A009C040E /* verticalDivider.png */ = {isa = PBXFileReference; lastKnownFileType = image.png; path = verticalDivider.png; sourceTree = "<group>"; };
		CBD05E7215C0140A009C040E /* verticalDivider@2x.png */ = {isa = PBXFileReference; lastKnownFileType = image.png; path = "verticalDivider@2x.png"; sourceTree = "<group>"; };
		CBD05E7515C01557009C040E /* Default.png */ = {isa = PBXFileReference; lastKnownFileType = image.png; path = Default.png; sourceTree = "<group>"; };
		CBD05E7715C01570009C040E /* Default@2x.png */ = {isa = PBXFileReference; lastKnownFileType = image.png; path = "Default@2x.png"; sourceTree = "<group>"; };
		CBD05E7B15C015FC009C040E /* icon.png */ = {isa = PBXFileReference; lastKnownFileType = image.png; path = icon.png; sourceTree = "<group>"; };
		CBD05E7D15C01600009C040E /* icon@2x.png */ = {isa = PBXFileReference; lastKnownFileType = image.png; path = "icon@2x.png"; sourceTree = "<group>"; };
		CBD05E7F15C0171B009C040E /* playButton.png */ = {isa = PBXFileReference; lastKnownFileType = image.png; path = playButton.png; sourceTree = "<group>"; };
		CBD05E8015C0171B009C040E /* playButton@2x.png */ = {isa = PBXFileReference; lastKnownFileType = image.png; path = "playButton@2x.png"; sourceTree = "<group>"; };
		CBD05E8315C0179A009C040E /* BlogPostActivityItemCell.h */ = {isa = PBXFileReference; fileEncoding = 4; lastKnownFileType = sourcecode.c.h; path = BlogPostActivityItemCell.h; sourceTree = "<group>"; };
		CBD05E8415C0179B009C040E /* BlogPostActivityItemCell.m */ = {isa = PBXFileReference; fileEncoding = 4; lastKnownFileType = sourcecode.c.objc; path = BlogPostActivityItemCell.m; sourceTree = "<group>"; };
		CBD05E8615C017AF009C040E /* BlogPostActivityItemCell.xib */ = {isa = PBXFileReference; fileEncoding = 4; lastKnownFileType = file.xib; path = BlogPostActivityItemCell.xib; sourceTree = "<group>"; };
		CBD05E8815C01CDA009C040E /* AlbumActivityItemCell.h */ = {isa = PBXFileReference; fileEncoding = 4; lastKnownFileType = sourcecode.c.h; path = AlbumActivityItemCell.h; sourceTree = "<group>"; };
		CBD05E8915C01CDA009C040E /* AlbumActivityItemCell.m */ = {isa = PBXFileReference; fileEncoding = 4; lastKnownFileType = sourcecode.c.objc; path = AlbumActivityItemCell.m; sourceTree = "<group>"; };
		CBD05E8B15C01CEF009C040E /* AlbumActivityItemCell.xib */ = {isa = PBXFileReference; fileEncoding = 4; lastKnownFileType = file.xib; path = AlbumActivityItemCell.xib; sourceTree = "<group>"; };
		CBD05E8D15C01E7C009C040E /* likeCommentButton.png */ = {isa = PBXFileReference; lastKnownFileType = image.png; path = likeCommentButton.png; sourceTree = "<group>"; };
		CBD05E8E15C01E7C009C040E /* likeCommentButton@2x.png */ = {isa = PBXFileReference; lastKnownFileType = image.png; path = "likeCommentButton@2x.png"; sourceTree = "<group>"; };
		CBD05E9115C01F6F009C040E /* StatusActivityItemCell.h */ = {isa = PBXFileReference; fileEncoding = 4; lastKnownFileType = sourcecode.c.h; path = StatusActivityItemCell.h; sourceTree = "<group>"; };
		CBD05E9215C01F70009C040E /* StatusActivityItemCell.m */ = {isa = PBXFileReference; fileEncoding = 4; lastKnownFileType = sourcecode.c.objc; path = StatusActivityItemCell.m; sourceTree = "<group>"; };
		CBD05E9415C01F83009C040E /* StatusActivityItemCell.xib */ = {isa = PBXFileReference; fileEncoding = 4; lastKnownFileType = file.xib; path = StatusActivityItemCell.xib; sourceTree = "<group>"; };
		CBD05E9615C0296B009C040E /* FollowViewController.h */ = {isa = PBXFileReference; fileEncoding = 4; lastKnownFileType = sourcecode.c.h; path = FollowViewController.h; sourceTree = "<group>"; };
		CBD05E9715C0296C009C040E /* FollowViewController.m */ = {isa = PBXFileReference; fileEncoding = 4; lastKnownFileType = sourcecode.c.objc; path = FollowViewController.m; sourceTree = "<group>"; };
		CBD05E9815C0296D009C040E /* FollowViewController.xib */ = {isa = PBXFileReference; fileEncoding = 4; lastKnownFileType = file.xib; path = FollowViewController.xib; sourceTree = "<group>"; };
		CBD05E9B15C02B5A009C040E /* FollowCell.h */ = {isa = PBXFileReference; fileEncoding = 4; lastKnownFileType = sourcecode.c.h; path = FollowCell.h; sourceTree = "<group>"; };
		CBD05E9C15C02B5C009C040E /* FollowCell.m */ = {isa = PBXFileReference; fileEncoding = 4; lastKnownFileType = sourcecode.c.objc; path = FollowCell.m; sourceTree = "<group>"; };
		CBD05E9E15C02E7A009C040E /* FollowCell.xib */ = {isa = PBXFileReference; fileEncoding = 4; lastKnownFileType = file.xib; path = FollowCell.xib; sourceTree = "<group>"; };
		CBD05EA015C02F7B009C040E /* followButton.png */ = {isa = PBXFileReference; lastKnownFileType = image.png; path = followButton.png; sourceTree = "<group>"; };
		CBD05EA115C02F7B009C040E /* followButton@2x.png */ = {isa = PBXFileReference; lastKnownFileType = image.png; path = "followButton@2x.png"; sourceTree = "<group>"; };
		CBD05EA215C02F7B009C040E /* followingButton.png */ = {isa = PBXFileReference; lastKnownFileType = image.png; path = followingButton.png; sourceTree = "<group>"; };
		CBD05EA315C02F7B009C040E /* followingButton@2x.png */ = {isa = PBXFileReference; lastKnownFileType = image.png; path = "followingButton@2x.png"; sourceTree = "<group>"; };
		CBD05EA815C036F7009C040E /* Friend.h */ = {isa = PBXFileReference; fileEncoding = 4; lastKnownFileType = sourcecode.c.h; path = Friend.h; sourceTree = "<group>"; };
		CBD05EA915C036F7009C040E /* Friend.m */ = {isa = PBXFileReference; fileEncoding = 4; lastKnownFileType = sourcecode.c.objc; path = Friend.m; sourceTree = "<group>"; };
		CBD05EAB15C03EA6009C040E /* followButtonProfile.png */ = {isa = PBXFileReference; lastKnownFileType = image.png; path = followButtonProfile.png; sourceTree = "<group>"; };
		CBD05EAC15C03EA6009C040E /* followButtonProfile@2x.png */ = {isa = PBXFileReference; lastKnownFileType = image.png; path = "followButtonProfile@2x.png"; sourceTree = "<group>"; };
		F87266BA145EF4E200B775D3 /* TwitterSearchClient.h */ = {isa = PBXFileReference; fileEncoding = 4; lastKnownFileType = sourcecode.c.h; path = TwitterSearchClient.h; sourceTree = "<group>"; };
		F87266BB145EF4E200B775D3 /* TwitterSearchClient.m */ = {isa = PBXFileReference; fileEncoding = 4; lastKnownFileType = sourcecode.c.objc; path = TwitterSearchClient.m; sourceTree = "<group>"; };
/* End PBXFileReference section */

/* Begin PBXFrameworksBuildPhase section */
		09885E8D1418F2E500CCE17A /* Frameworks */ = {
			isa = PBXFrameworksBuildPhase;
			buildActionMask = 2147483647;
			files = (
				CB7A0D371565A67B0022E2A8 /* MessageUI.framework in Frameworks */,
				09507B261459B92800CEBABF /* CoreGraphics.framework in Frameworks */,
				09270769141E52BB00E778AE /* CoreLocation.framework in Frameworks */,
				0927075E141E4C7800E778AE /* MapKit.framework in Frameworks */,
				09885F451419009200CCE17A /* QuartzCore.framework in Frameworks */,
				09885E951418F2E500CCE17A /* UIKit.framework in Frameworks */,
				09885E971418F2E500CCE17A /* Foundation.framework in Frameworks */,
			);
			runOnlyForDeploymentPostprocessing = 0;
		};
/* End PBXFrameworksBuildPhase section */

/* Begin PBXGroup section */
		092D3D29145AE52F002F5F6C /* AFURLCache */ = {
			isa = PBXGroup;
			children = (
				092D3D2A145AE54E002F5F6C /* AFURLCache.h */,
				092D3D2B145AE54E002F5F6C /* AFURLCache.m */,
			);
			name = AFURLCache;
			sourceTree = "<group>";
		};
		093EC375145B0DE90010CDBB /* AFNetworking */ = {
			isa = PBXGroup;
			children = (
				093EC376145B0DE90010CDBB /* AFHTTPClient.h */,
				093EC377145B0DE90010CDBB /* AFHTTPClient.m */,
				093EC378145B0DE90010CDBB /* AFHTTPRequestOperation.h */,
				093EC379145B0DE90010CDBB /* AFHTTPRequestOperation.m */,
				093EC37A145B0DE90010CDBB /* AFImageCache.h */,
				093EC37B145B0DE90010CDBB /* AFImageCache.m */,
				093EC37C145B0DE90010CDBB /* AFImageRequestOperation.h */,
				093EC37D145B0DE90010CDBB /* AFImageRequestOperation.m */,
				093EC37E145B0DE90010CDBB /* AFJSONRequestOperation.h */,
				093EC37F145B0DE90010CDBB /* AFJSONRequestOperation.m */,
				093EC380145B0DE90010CDBB /* AFNetworkActivityIndicatorManager.h */,
				093EC381145B0DE90010CDBB /* AFNetworkActivityIndicatorManager.m */,
				093EC382145B0DE90010CDBB /* AFNetworking.h */,
				093EC383145B0DE90010CDBB /* AFPropertyListRequestOperation.h */,
				093EC384145B0DE90010CDBB /* AFPropertyListRequestOperation.m */,
				093EC385145B0DE90010CDBB /* AFURLConnectionOperation.h */,
				093EC386145B0DE90010CDBB /* AFURLConnectionOperation.m */,
				093EC387145B0DE90010CDBB /* AFXMLRequestOperation.h */,
				093EC388145B0DE90010CDBB /* AFXMLRequestOperation.m */,
				093EC389145B0DE90010CDBB /* UIImageView+AFNetworking.h */,
				093EC38A145B0DE90010CDBB /* UIImageView+AFNetworking.m */,
			);
			path = AFNetworking;
			sourceTree = "<group>";
		};
		09885E851418F2E500CCE17A = {
			isa = PBXGroup;
			children = (
				CBD05E7D15C01600009C040E /* icon@2x.png */,
				CBD05E7B15C015FC009C040E /* icon.png */,
				CBD05E7715C01570009C040E /* Default@2x.png */,
				CBD05E7515C01557009C040E /* Default.png */,
				CB7A0D361565A67B0022E2A8 /* MessageUI.framework */,
				09885E9A1418F2E600CCE17A /* StyleHills */,
				09885E931418F2E500CCE17A /* Frameworks */,
				09885E911418F2E500CCE17A /* Products */,
			);
			sourceTree = "<group>";
		};
		09885E911418F2E500CCE17A /* Products */ = {
			isa = PBXGroup;
			children = (
				09885E901418F2E500CCE17A /* StyleHills.app */,
			);
			name = Products;
			sourceTree = "<group>";
		};
		09885E931418F2E500CCE17A /* Frameworks */ = {
			isa = PBXGroup;
			children = (
				C37BC8E3144C340600423D44 /* libz.dylib */,
				09885EEC1418F3F900CCE17A /* CFNetwork.framework */,
				09270768141E52BB00E778AE /* CoreLocation.framework */,
				09885E961418F2E500CCE17A /* Foundation.framework */,
				0927075D141E4C7800E778AE /* MapKit.framework */,
				09885EF11418F44200CCE17A /* MobileCoreServices.framework */,
				09885F441419009200CCE17A /* QuartzCore.framework */,
				09885EB51418F2E600CCE17A /* SenTestingKit.framework */,
				09885EEE1418F40200CCE17A /* SystemConfiguration.framework */,
				09885E941418F2E500CCE17A /* UIKit.framework */,
				09885E981418F2E600CCE17A /* CoreGraphics.framework */,
			);
			name = Frameworks;
			sourceTree = "<group>";
		};
		09885E9A1418F2E600CCE17A /* StyleHills */ = {
			isa = PBXGroup;
			children = (
				CB0CD7101554B0890039AF2F /* Classes */,
				093EC375145B0DE90010CDBB /* AFNetworking */,
				092D3D29145AE52F002F5F6C /* AFURLCache */,
				09E442B7141F969400AD2DAE /* RefreshTableHeaderView */,
				09885F491419027D00CCE17A /* JSONKit */,
				09885F3E1418FFE000CCE17A /* SVProgressHUD */,
				09885EF61418F48F00CCE17A /* Helpers */,
				CB7A0D2B1565A5F80022E2A8 /* EGOCache */,
				CB7A0D2E1565A5F80022E2A8 /* EGOImageLoader */,
				CB7A0CF51565A59D0022E2A8 /* EGOPhotoViewer */,
				09885EA31418F2E600CCE17A /* StyleHillsAppDelegate.h */,
				09885EA41418F2E600CCE17A /* StyleHillsAppDelegate.m */,
				09885EA61418F2E600CCE17A /* MainWindow.xib */,
				09885EA91418F2E600CCE17A /* RootViewController.h */,
				09885EAA1418F2E600CCE17A /* RootViewController.m */,
				09885EAC1418F2E600CCE17A /* RootViewController.xib */,
				09885E9B1418F2E600CCE17A /* Supporting Files */,
			);
			path = StyleHills;
			sourceTree = "<group>";
		};
		09885E9B1418F2E600CCE17A /* Supporting Files */ = {
			isa = PBXGroup;
			children = (
				09E442BC141F96E400AD2DAE /* Images */,
				09885E9C1418F2E600CCE17A /* StyleHills-Info.plist */,
				09885E9D1418F2E600CCE17A /* InfoPlist.strings */,
				09885EA01418F2E600CCE17A /* main.m */,
				09885EA21418F2E600CCE17A /* StyleHills-Prefix.pch */,
			);
			name = "Supporting Files";
			sourceTree = "<group>";
		};
		09885EF61418F48F00CCE17A /* Helpers */ = {
			isa = PBXGroup;
			children = (
				09885F46141901E700CCE17A /* DictionaryHelper.h */,
				09885F47141901E700CCE17A /* DictionaryHelper.m */,
				09885F5714190D7900CCE17A /* FastCell.h */,
				09885F5814190D7900CCE17A /* FastCell.m */,
				0927075F141E4E2B00E778AE /* StringHelper.h */,
				09270760141E4E2B00E778AE /* StringHelper.m */,
				09270762141E4EC900E778AE /* DataHelper.h */,
				09270763141E4EC900E778AE /* DataHelper.m */,
				09E442CE141F97AE00AD2DAE /* ListViewController.h */,
				09E442CF141F97AE00AD2DAE /* ListViewController.m */,
				F87266BA145EF4E200B775D3 /* TwitterSearchClient.h */,
				F87266BB145EF4E200B775D3 /* TwitterSearchClient.m */,
			);
			name = Helpers;
			sourceTree = "<group>";
		};
		09885F3E1418FFE000CCE17A /* SVProgressHUD */ = {
			isa = PBXGroup;
			children = (
				09885F3F1418FFE000CCE17A /* SVProgressHUD.bundle */,
				09885F401418FFE000CCE17A /* SVProgressHUD.h */,
				09885F411418FFE000CCE17A /* SVProgressHUD.m */,
			);
			path = SVProgressHUD;
			sourceTree = "<group>";
		};
		09885F491419027D00CCE17A /* JSONKit */ = {
			isa = PBXGroup;
			children = (
				09885F4A1419028D00CCE17A /* JSONKit.h */,
				09885F4B1419028D00CCE17A /* JSONKit.m */,
			);
			name = JSONKit;
			sourceTree = "<group>";
		};
		09E442B7141F969400AD2DAE /* RefreshTableHeaderView */ = {
			isa = PBXGroup;
			children = (
				09E442B9141F96A900AD2DAE /* EGORefreshTableHeaderView.h */,
				09E442BA141F96A900AD2DAE /* EGORefreshTableHeaderView.m */,
			);
			name = RefreshTableHeaderView;
			sourceTree = "<group>";
		};
		09E442BC141F96E400AD2DAE /* Images */ = {
			isa = PBXGroup;
			children = (
				09E442BE141F970400AD2DAE /* blackArrow.png */,
				09E442BF141F970400AD2DAE /* blackArrow@2x.png */,
				09E442C0141F970400AD2DAE /* blueArrow.png */,
				09E442C1141F970400AD2DAE /* blueArrow@2x.png */,
				CB1067DC15DC35C6002053B6 /* commentTopCellBackground.png */,
				CB1067DD15DC35C6002053B6 /* commentTopCellBackground@2x.png */,
				CB1067E015DC381D002053B6 /* commentTopCellImageBorder.png */,
				CB1067E115DC381D002053B6 /* commentTopCellImageBorder@2x.png */,
				CB1067C815DB0C82002053B6 /* covet.png */,
				CB1067C915DB0C82002053B6 /* covet@2x.png */,
				CB1067CA15DB0C82002053B6 /* covetDepressed.png */,
				CB1067CB15DB0C82002053B6 /* covetDepressed@2x.png */,
				CB1067E415DC4E53002053B6 /* coveted.png */,
				CB1067E515DC4E53002053B6 /* coveted@2x.png */,
				CBD05EA015C02F7B009C040E /* followButton.png */,
				CBD05EA115C02F7B009C040E /* followButton@2x.png */,
				CBD05EAB15C03EA6009C040E /* followButtonProfile.png */,
				CBD05EAC15C03EA6009C040E /* followButtonProfile@2x.png */,
				CBD05EA215C02F7B009C040E /* followingButton.png */,
				CBD05EA315C02F7B009C040E /* followingButton@2x.png */,
				09E442C2141F970400AD2DAE /* grayArrow.png */,
				09E442C3141F970400AD2DAE /* grayArrow@2x.png */,
				CBD05E8D15C01E7C009C040E /* likeCommentButton.png */,
				CBD05E8E15C01E7C009C040E /* likeCommentButton@2x.png */,
				CBC74DFC15ED902A003DE404 /* messageBar.png */,
				CBC74DFD15ED902A003DE404 /* messageBar@2x.png */,
				CBC74DFE15ED902A003DE404 /* messageButton.png */,
				CBC74DFF15ED902A003DE404 /* messageButton@2x.png */,
				CBC74E0015ED902A003DE404 /* messageEntryBackground.png */,
				CBC74E0115ED902A003DE404 /* messageEntryBackground@2x.png */,
				CBC74E0215ED902A003DE404 /* messageEntryInputField.png */,
				CBC74E0315ED902A003DE404 /* messageEntryInputField@2x.png */,
				CBD05E6D15C012E0009C040E /* navBarBackground.png */,
				CBD05E6E15C012E0009C040E /* navBarBackground@2x.png */,
				CBD05E7F15C0171B009C040E /* playButton.png */,
				CBD05E8015C0171B009C040E /* playButton@2x.png */,
				CB1067D015DB0C91002053B6 /* saveToClipboard.png */,
				CB1067D115DB0C91002053B6 /* saveToClipboard@2x.png */,
				CB1067D215DB0C91002053B6 /* saveToClipboardDepressed.png */,
				CB1067D315DB0C91002053B6 /* saveToClipboardDepressed@2x.png */,
				CB1067D415DB0C91002053B6 /* shareButton.png */,
				CB1067D515DB0C91002053B6 /* shareButton@2x.png */,
				CBD05E7115C0140A009C040E /* verticalDivider.png */,
				CBD05E7215C0140A009C040E /* verticalDivider@2x.png */,
				09E442C4141F970400AD2DAE /* whiteArrow.png */,
				09E442C5141F970400AD2DAE /* whiteArrow@2x.png */,
			);
			name = Images;
			sourceTree = "<group>";
		};
		CB0CD7101554B0890039AF2F /* Classes */ = {
			isa = PBXGroup;
			children = (
				CB0CD720155A197F0039AF2F /* Categories */,
				CB0CD7121554B0930039AF2F /* Models */,
				CB0CD7131554B0970039AF2F /* Views */,
				CB0CD7111554B08E0039AF2F /* Controllers */,
				CB0CD7141554B09E0039AF2F /* Utils */,
			);
			name = Classes;
			sourceTree = "<group>";
		};
		CB0CD7111554B08E0039AF2F /* Controllers */ = {
			isa = PBXGroup;
			children = (
				CB0CD715155A11950039AF2F /* CityStreamViewController.h */,
				CB0CD716155A11950039AF2F /* CityStreamViewController.m */,
				CB0CD717155A11950039AF2F /* CityStreamViewController.xib */,
				CB7A0D3E1565C00C0022E2A8 /* AlbumPhotoViewController.h */,
				CB7A0D3F1565C00C0022E2A8 /* AlbumPhotoViewController.m */,
				CBD05E6015BFA0A9009C040E /* ProfileViewController.h */,
				CBD05E6115BFA0A9009C040E /* ProfileViewController.m */,
				CBD05E6215BFA0A9009C040E /* ProfileViewController.xib */,
				CBD05E6515C001D5009C040E /* ActivityItemCell.h */,
				CBD05E6615C001D6009C040E /* ActivityItemCell.m */,
				CBD05E6815C0020E009C040E /* YouTubeActivityItemCell.h */,
				CBD05E6915C0020E009C040E /* YouTubeActivityItemCell.m */,
				CBD05E6B15C00222009C040E /* YouTubeActivityItemCell.xib */,
				CBD05E8315C0179A009C040E /* BlogPostActivityItemCell.h */,
				CBD05E8415C0179B009C040E /* BlogPostActivityItemCell.m */,
				CBD05E8615C017AF009C040E /* BlogPostActivityItemCell.xib */,
				CBD05E8815C01CDA009C040E /* AlbumActivityItemCell.h */,
				CBD05E8915C01CDA009C040E /* AlbumActivityItemCell.m */,
				CBD05E8B15C01CEF009C040E /* AlbumActivityItemCell.xib */,
				CBD05E9115C01F6F009C040E /* StatusActivityItemCell.h */,
				CBD05E9215C01F70009C040E /* StatusActivityItemCell.m */,
				CBD05E9415C01F83009C040E /* StatusActivityItemCell.xib */,
				CBD05E9615C0296B009C040E /* FollowViewController.h */,
				CBD05E9715C0296C009C040E /* FollowViewController.m */,
				CBD05E9815C0296D009C040E /* FollowViewController.xib */,
				CBD05E9B15C02B5A009C040E /* FollowCell.h */,
				CBD05E9C15C02B5C009C040E /* FollowCell.m */,
				CBD05E9E15C02E7A009C040E /* FollowCell.xib */,
				CB1067C215DB0789002053B6 /* CommentViewController.h */,
				CB1067C315DB0789002053B6 /* CommentViewController.m */,
				CB1067C415DB0789002053B6 /* CommentViewController.xib */,
			);
			name = Controllers;
			sourceTree = "<group>";
		};
		CB0CD7121554B0930039AF2F /* Models */ = {
			isa = PBXGroup;
			children = (
				CB0CD71D155A18020039AF2F /* Item.h */,
				CB0CD71E155A18020039AF2F /* Item.m */,
				CB7A0D381565A72C0022E2A8 /* AlbumPhoto.h */,
				CB7A0D391565A72C0022E2A8 /* AlbumPhoto.m */,
				CB7A0D3B1565A7F40022E2A8 /* AlbumPhotoSource.h */,
				CB7A0D3C1565A7F40022E2A8 /* AlbumPhotoSource.m */,
				CBD05EA815C036F7009C040E /* Friend.h */,
				CBD05EA915C036F7009C040E /* Friend.m */,
				CB1067E815DCEC16002053B6 /* Comment.h */,
				CB1067E915DCEC16002053B6 /* Comment.m */,
				CB1067EB15DCEC24002053B6 /* Like.h */,
				CB1067EC15DCEC24002053B6 /* Like.m */,
			);
			name = Models;
			sourceTree = "<group>";
		};
		CB0CD7131554B0970039AF2F /* Views */ = {
			isa = PBXGroup;
			children = (
				CBC74DF715ED8A03003DE404 /* HPGrowingTextView.h */,
				CBC74DF815ED8A03003DE404 /* HPGrowingTextView.m */,
				CBC74DF915ED8A03003DE404 /* HPTextViewInternal.h */,
				CBC74DFA15ED8A03003DE404 /* HPTextViewInternal.m */,
			);
			name = Views;
			sourceTree = "<group>";
		};
		CB0CD7141554B09E0039AF2F /* Utils */ = {
			isa = PBXGroup;
			children = (
			);
			name = Utils;
			sourceTree = "<group>";
		};
		CB0CD720155A197F0039AF2F /* Categories */ = {
			isa = PBXGroup;
			children = (
				CB0CD721155A19D00039AF2F /* NSDictionary+QueryStringBuilder.h */,
				CB0CD722155A19D00039AF2F /* NSDictionary+QueryStringBuilder.m */,
				CB0CD723155A19D00039AF2F /* NSString+Util.h */,
				CB0CD724155A19D00039AF2F /* NSString+Util.m */,
				CB0CD725155A19D00039AF2F /* UINavigationBar+CustomImage.h */,
				CB0CD726155A19D00039AF2F /* UINavigationBar+CustomImage.m */,
				CB0CD727155A19D00039AF2F /* UITextView+NoScrollUp.h */,
				CB0CD728155A19D00039AF2F /* UITextView+NoScrollUp.m */,
				CB0CD729155A19D00039AF2F /* UIView+FormScroll.h */,
				CB0CD72A155A19D00039AF2F /* UIView+FormScroll.m */,
			);
			name = Categories;
			sourceTree = "<group>";
		};
		CB7A0CF51565A59D0022E2A8 /* EGOPhotoViewer */ = {
			isa = PBXGroup;
			children = (
				CB7A0CF61565A59D0022E2A8 /* Controller */,
				CB7A0CFA1565A59D0022E2A8 /* EGOPhotoGlobal.h */,
				CB7A0CFB1565A59D0022E2A8 /* Model */,
				CB7A0D031565A59D0022E2A8 /* Resources */,
				CB7A0D0F1565A59D0022E2A8 /* Views */,
			);
			path = EGOPhotoViewer;
			sourceTree = "<group>";
		};
		CB7A0CF61565A59D0022E2A8 /* Controller */ = {
			isa = PBXGroup;
			children = (
				CB7A0CF71565A59D0022E2A8 /* EGOPhotoViewController */,
			);
			path = Controller;
			sourceTree = "<group>";
		};
		CB7A0CF71565A59D0022E2A8 /* EGOPhotoViewController */ = {
			isa = PBXGroup;
			children = (
				CB7A0CF81565A59D0022E2A8 /* EGOPhotoViewController.h */,
				CB7A0CF91565A59D0022E2A8 /* EGOPhotoViewController.m */,
			);
			path = EGOPhotoViewController;
			sourceTree = "<group>";
		};
		CB7A0CFB1565A59D0022E2A8 /* Model */ = {
			isa = PBXGroup;
			children = (
				CB7A0CFC1565A59D0022E2A8 /* EGOPhotoSource */,
				CB7A0CFE1565A59D0022E2A8 /* EGOQuickPhoto */,
			);
			path = Model;
			sourceTree = "<group>";
		};
		CB7A0CFC1565A59D0022E2A8 /* EGOPhotoSource */ = {
			isa = PBXGroup;
			children = (
				CB7A0CFD1565A59D0022E2A8 /* EGOPhotoSource.h */,
			);
			path = EGOPhotoSource;
			sourceTree = "<group>";
		};
		CB7A0CFE1565A59D0022E2A8 /* EGOQuickPhoto */ = {
			isa = PBXGroup;
			children = (
				CB7A0CFF1565A59D0022E2A8 /* EGOQuickPhoto.h */,
				CB7A0D001565A59D0022E2A8 /* EGOQuickPhoto.m */,
				CB7A0D011565A59D0022E2A8 /* EGOQuickPhotoSource.h */,
				CB7A0D021565A59D0022E2A8 /* EGOQuickPhotoSource.m */,
			);
			path = EGOQuickPhoto;
			sourceTree = "<group>";
		};
		CB7A0D031565A59D0022E2A8 /* Resources */ = {
			isa = PBXGroup;
			children = (
				CB7A0D041565A59D0022E2A8 /* egopv_error_placeholder.png */,
				CB7A0D051565A59D0022E2A8 /* egopv_error_placeholder@2x.png */,
				CB7A0D061565A59D0022E2A8 /* egopv_fullscreen_button.png */,
				CB7A0D071565A59D0022E2A8 /* egopv_fullscreen_button@2x.png */,
				CB7A0D081565A59D0022E2A8 /* egopv_left.png */,
				CB7A0D091565A59D0022E2A8 /* egopv_left@2x.png */,
				CB7A0D0A1565A59D0022E2A8 /* egopv_minimize_fullscreen_button.png */,
				CB7A0D0B1565A59D0022E2A8 /* egopv_photo_placeholder.png */,
				CB7A0D0C1565A59D0022E2A8 /* egopv_photo_placeholder@2x.png */,
				CB7A0D0D1565A59D0022E2A8 /* egopv_right.png */,
				CB7A0D0E1565A59D0022E2A8 /* egopv_right@2x.png */,
			);
			path = Resources;
			sourceTree = "<group>";
		};
		CB7A0D0F1565A59D0022E2A8 /* Views */ = {
			isa = PBXGroup;
			children = (
				CB7A0D101565A59D0022E2A8 /* EGOPhotoCaptionView */,
				CB7A0D131565A59D0022E2A8 /* EGOPhotoImageView */,
				CB7A0D161565A59D0022E2A8 /* EGOPhotoScrollView */,
			);
			path = Views;
			sourceTree = "<group>";
		};
		CB7A0D101565A59D0022E2A8 /* EGOPhotoCaptionView */ = {
			isa = PBXGroup;
			children = (
				CB7A0D111565A59D0022E2A8 /* EGOPhotoCaptionView.h */,
				CB7A0D121565A59D0022E2A8 /* EGOPhotoCaptionView.m */,
			);
			path = EGOPhotoCaptionView;
			sourceTree = "<group>";
		};
		CB7A0D131565A59D0022E2A8 /* EGOPhotoImageView */ = {
			isa = PBXGroup;
			children = (
				CB7A0D141565A59D0022E2A8 /* EGOPhotoImageView.h */,
				CB7A0D151565A59D0022E2A8 /* EGOPhotoImageView.m */,
			);
			path = EGOPhotoImageView;
			sourceTree = "<group>";
		};
		CB7A0D161565A59D0022E2A8 /* EGOPhotoScrollView */ = {
			isa = PBXGroup;
			children = (
				CB7A0D171565A59D0022E2A8 /* EGOPhotoScrollView.h */,
				CB7A0D181565A59D0022E2A8 /* EGOPhotoScrollView.m */,
			);
			path = EGOPhotoScrollView;
			sourceTree = "<group>";
		};
		CB7A0D2B1565A5F80022E2A8 /* EGOCache */ = {
			isa = PBXGroup;
			children = (
				CB7A0D2C1565A5F80022E2A8 /* EGOCache.h */,
				CB7A0D2D1565A5F80022E2A8 /* EGOCache.m */,
			);
			path = EGOCache;
			sourceTree = "<group>";
		};
		CB7A0D2E1565A5F80022E2A8 /* EGOImageLoader */ = {
			isa = PBXGroup;
			children = (
				CB7A0D2F1565A5F80022E2A8 /* EGOImageLoadConnection.h */,
				CB7A0D301565A5F80022E2A8 /* EGOImageLoadConnection.m */,
				CB7A0D311565A5F80022E2A8 /* EGOImageLoader.h */,
				CB7A0D321565A5F80022E2A8 /* EGOImageLoader.m */,
			);
			path = EGOImageLoader;
			sourceTree = "<group>";
		};
/* End PBXGroup section */

/* Begin PBXNativeTarget section */
		09885E8F1418F2E500CCE17A /* StyleHills */ = {
			isa = PBXNativeTarget;
			buildConfigurationList = 09885EC81418F2E600CCE17A /* Build configuration list for PBXNativeTarget "StyleHills" */;
			buildPhases = (
				09885E8C1418F2E500CCE17A /* Sources */,
				09885E8D1418F2E500CCE17A /* Frameworks */,
				09885E8E1418F2E500CCE17A /* Resources */,
			);
			buildRules = (
			);
			dependencies = (
			);
			name = StyleHills;
			productName = StyleHills;
			productReference = 09885E901418F2E500CCE17A /* StyleHills.app */;
			productType = "com.apple.product-type.application";
		};
/* End PBXNativeTarget section */

/* Begin PBXProject section */
		09885E871418F2E500CCE17A /* Project object */ = {
			isa = PBXProject;
			attributes = {
				LastUpgradeCheck = 0430;
			};
			buildConfigurationList = 09885E8A1418F2E500CCE17A /* Build configuration list for PBXProject "StyleHills" */;
			compatibilityVersion = "Xcode 3.2";
			developmentRegion = English;
			hasScannedForEncodings = 0;
			knownRegions = (
				en,
			);
			mainGroup = 09885E851418F2E500CCE17A;
			productRefGroup = 09885E911418F2E500CCE17A /* Products */;
			projectDirPath = "";
			projectRoot = "";
			targets = (
				09885E8F1418F2E500CCE17A /* StyleHills */,
			);
		};
/* End PBXProject section */

/* Begin PBXResourcesBuildPhase section */
		09885E8E1418F2E500CCE17A /* Resources */ = {
			isa = PBXResourcesBuildPhase;
			buildActionMask = 2147483647;
			files = (
				09885E9F1418F2E600CCE17A /* InfoPlist.strings in Resources */,
				09885EA81418F2E600CCE17A /* MainWindow.xib in Resources */,
				09885EAE1418F2E600CCE17A /* RootViewController.xib in Resources */,
				09885F421418FFE000CCE17A /* SVProgressHUD.bundle in Resources */,
				09E442C6141F970400AD2DAE /* blackArrow.png in Resources */,
				09E442C7141F970400AD2DAE /* blackArrow@2x.png in Resources */,
				09E442C8141F970400AD2DAE /* blueArrow.png in Resources */,
				09E442C9141F970400AD2DAE /* blueArrow@2x.png in Resources */,
				09E442CA141F970400AD2DAE /* grayArrow.png in Resources */,
				09E442CB141F970400AD2DAE /* grayArrow@2x.png in Resources */,
				09E442CC141F970400AD2DAE /* whiteArrow.png in Resources */,
				09E442CD141F970400AD2DAE /* whiteArrow@2x.png in Resources */,
				CB0CD719155A11950039AF2F /* CityStreamViewController.xib in Resources */,
				CB7A0D1C1565A59D0022E2A8 /* egopv_error_placeholder.png in Resources */,
				CB7A0D1D1565A59D0022E2A8 /* egopv_error_placeholder@2x.png in Resources */,
				CB7A0D1E1565A59D0022E2A8 /* egopv_fullscreen_button.png in Resources */,
				CB7A0D1F1565A59D0022E2A8 /* egopv_fullscreen_button@2x.png in Resources */,
				CB7A0D201565A59D0022E2A8 /* egopv_left.png in Resources */,
				CB7A0D211565A59D0022E2A8 /* egopv_left@2x.png in Resources */,
				CB7A0D221565A59D0022E2A8 /* egopv_minimize_fullscreen_button.png in Resources */,
				CB7A0D231565A59D0022E2A8 /* egopv_photo_placeholder.png in Resources */,
				CB7A0D241565A59D0022E2A8 /* egopv_photo_placeholder@2x.png in Resources */,
				CB7A0D251565A59D0022E2A8 /* egopv_right.png in Resources */,
				CB7A0D261565A59D0022E2A8 /* egopv_right@2x.png in Resources */,
				CBD05E6415BFA0A9009C040E /* ProfileViewController.xib in Resources */,
				CBD05E6C15C00223009C040E /* YouTubeActivityItemCell.xib in Resources */,
				CBD05E6F15C012E0009C040E /* navBarBackground.png in Resources */,
				CBD05E7015C012E0009C040E /* navBarBackground@2x.png in Resources */,
				CBD05E7315C0140A009C040E /* verticalDivider.png in Resources */,
				CBD05E7415C0140A009C040E /* verticalDivider@2x.png in Resources */,
				CBD05E7915C015A9009C040E /* Default.png in Resources */,
				CBD05E7A15C015B0009C040E /* Default@2x.png in Resources */,
				CBD05E7C15C015FC009C040E /* icon.png in Resources */,
				CBD05E7E15C01600009C040E /* icon@2x.png in Resources */,
				CBD05E8115C0171B009C040E /* playButton.png in Resources */,
				CBD05E8215C0171B009C040E /* playButton@2x.png in Resources */,
				CBD05E8715C017AF009C040E /* BlogPostActivityItemCell.xib in Resources */,
				CBD05E8C15C01CEF009C040E /* AlbumActivityItemCell.xib in Resources */,
				CBD05E8F15C01E7C009C040E /* likeCommentButton.png in Resources */,
				CBD05E9015C01E7C009C040E /* likeCommentButton@2x.png in Resources */,
				CBD05E9515C01F84009C040E /* StatusActivityItemCell.xib in Resources */,
				CBD05E9A15C0296E009C040E /* FollowViewController.xib in Resources */,
				CBD05E9F15C02E7B009C040E /* FollowCell.xib in Resources */,
				CBD05EA415C02F7B009C040E /* followButton.png in Resources */,
				CBD05EA515C02F7B009C040E /* followButton@2x.png in Resources */,
				CBD05EA615C02F7B009C040E /* followingButton.png in Resources */,
				CBD05EA715C02F7B009C040E /* followingButton@2x.png in Resources */,
				CBD05EAD15C03EA6009C040E /* followButtonProfile.png in Resources */,
				CBD05EAE15C03EA6009C040E /* followButtonProfile@2x.png in Resources */,
				CB1067C615DB0789002053B6 /* CommentViewController.xib in Resources */,
				CB1067CC15DB0C82002053B6 /* covet.png in Resources */,
				CB1067CD15DB0C82002053B6 /* covet@2x.png in Resources */,
				CB1067CE15DB0C82002053B6 /* covetDepressed.png in Resources */,
				CB1067CF15DB0C82002053B6 /* covetDepressed@2x.png in Resources */,
				CB1067D615DB0C91002053B6 /* saveToClipboard.png in Resources */,
				CB1067D715DB0C91002053B6 /* saveToClipboard@2x.png in Resources */,
				CB1067D815DB0C91002053B6 /* saveToClipboardDepressed.png in Resources */,
				CB1067D915DB0C91002053B6 /* saveToClipboardDepressed@2x.png in Resources */,
				CB1067DA15DB0C91002053B6 /* shareButton.png in Resources */,
				CB1067DB15DB0C91002053B6 /* shareButton@2x.png in Resources */,
				CB1067DE15DC35C6002053B6 /* commentTopCellBackground.png in Resources */,
				CB1067DF15DC35C6002053B6 /* commentTopCellBackground@2x.png in Resources */,
				CB1067E215DC381D002053B6 /* commentTopCellImageBorder.png in Resources */,
				CB1067E315DC381D002053B6 /* commentTopCellImageBorder@2x.png in Resources */,
				CB1067E615DC4E53002053B6 /* coveted.png in Resources */,
				CB1067E715DC4E53002053B6 /* coveted@2x.png in Resources */,
				CBC74E0415ED902A003DE404 /* messageBar.png in Resources */,
				CBC74E0515ED902A003DE404 /* messageBar@2x.png in Resources */,
				CBC74E0615ED902A003DE404 /* messageButton.png in Resources */,
				CBC74E0715ED902A003DE404 /* messageButton@2x.png in Resources */,
				CBC74E0815ED902A003DE404 /* messageEntryBackground.png in Resources */,
				CBC74E0915ED902A003DE404 /* messageEntryBackground@2x.png in Resources */,
				CBC74E0A15ED902A003DE404 /* messageEntryInputField.png in Resources */,
				CBC74E0B15ED902A003DE404 /* messageEntryInputField@2x.png in Resources */,
			);
			runOnlyForDeploymentPostprocessing = 0;
		};
/* End PBXResourcesBuildPhase section */

/* Begin PBXSourcesBuildPhase section */
		09885E8C1418F2E500CCE17A /* Sources */ = {
			isa = PBXSourcesBuildPhase;
			buildActionMask = 2147483647;
			files = (
				CBC74E0C15ED9364003DE404 /* HPGrowingTextView.m in Sources */,
				CBC74E0D15ED9364003DE404 /* HPTextViewInternal.m in Sources */,
				09885EA11418F2E600CCE17A /* main.m in Sources */,
				09885EA51418F2E600CCE17A /* StyleHillsAppDelegate.m in Sources */,
				09885EAB1418F2E600CCE17A /* RootViewController.m in Sources */,
				09885F431418FFE000CCE17A /* SVProgressHUD.m in Sources */,
				09885F48141901E700CCE17A /* DictionaryHelper.m in Sources */,
				09885F4C1419028D00CCE17A /* JSONKit.m in Sources */,
				09885F5914190D7900CCE17A /* FastCell.m in Sources */,
				09270761141E4E2B00E778AE /* StringHelper.m in Sources */,
				09270764141E4EC900E778AE /* DataHelper.m in Sources */,
				09E442BB141F96A900AD2DAE /* EGORefreshTableHeaderView.m in Sources */,
				09E442D0141F97AE00AD2DAE /* ListViewController.m in Sources */,
				092D3D2C145AE54E002F5F6C /* AFURLCache.m in Sources */,
				093EC38B145B0DE90010CDBB /* AFHTTPClient.m in Sources */,
				093EC38C145B0DE90010CDBB /* AFHTTPRequestOperation.m in Sources */,
				093EC38D145B0DE90010CDBB /* AFImageCache.m in Sources */,
				093EC38E145B0DE90010CDBB /* AFImageRequestOperation.m in Sources */,
				093EC38F145B0DE90010CDBB /* AFJSONRequestOperation.m in Sources */,
				093EC390145B0DE90010CDBB /* AFNetworkActivityIndicatorManager.m in Sources */,
				093EC391145B0DE90010CDBB /* AFPropertyListRequestOperation.m in Sources */,
				093EC392145B0DE90010CDBB /* AFURLConnectionOperation.m in Sources */,
				093EC393145B0DE90010CDBB /* AFXMLRequestOperation.m in Sources */,
				093EC394145B0DE90010CDBB /* UIImageView+AFNetworking.m in Sources */,
				F87266BC145EF4E200B775D3 /* TwitterSearchClient.m in Sources */,
				CB0CD718155A11950039AF2F /* CityStreamViewController.m in Sources */,
				CB0CD71F155A18020039AF2F /* Item.m in Sources */,
				CB7A0D191565A59D0022E2A8 /* EGOPhotoViewController.m in Sources */,
				CB7A0D1A1565A59D0022E2A8 /* EGOQuickPhoto.m in Sources */,
				CB7A0D1B1565A59D0022E2A8 /* EGOQuickPhotoSource.m in Sources */,
				CB7A0D271565A59D0022E2A8 /* EGOPhotoCaptionView.m in Sources */,
				CB7A0D281565A59D0022E2A8 /* EGOPhotoImageView.m in Sources */,
				CB7A0D291565A59D0022E2A8 /* EGOPhotoScrollView.m in Sources */,
				CB7A0D331565A5F80022E2A8 /* EGOCache.m in Sources */,
				CB7A0D341565A5F80022E2A8 /* EGOImageLoadConnection.m in Sources */,
				CB7A0D351565A5F80022E2A8 /* EGOImageLoader.m in Sources */,
				CB7A0D3A1565A72C0022E2A8 /* AlbumPhoto.m in Sources */,
				CB7A0D3D1565A7F40022E2A8 /* AlbumPhotoSource.m in Sources */,
				CB7A0D401565C00C0022E2A8 /* AlbumPhotoViewController.m in Sources */,
				CBD05E6315BFA0A9009C040E /* ProfileViewController.m in Sources */,
				CBD05E6715C001D6009C040E /* ActivityItemCell.m in Sources */,
				CBD05E6A15C0020F009C040E /* YouTubeActivityItemCell.m in Sources */,
				CBD05E8515C0179C009C040E /* BlogPostActivityItemCell.m in Sources */,
				CBD05E8A15C01CDB009C040E /* AlbumActivityItemCell.m in Sources */,
				CBD05E9315C01F71009C040E /* StatusActivityItemCell.m in Sources */,
				CBD05E9915C0296E009C040E /* FollowViewController.m in Sources */,
				CBD05E9D15C02B5E009C040E /* FollowCell.m in Sources */,
				CBD05EAA15C036F8009C040E /* Friend.m in Sources */,
				CB1067C515DB0789002053B6 /* CommentViewController.m in Sources */,
				CB1067EA15DCEC16002053B6 /* Comment.m in Sources */,
				CB1067ED15DCEC24002053B6 /* Like.m in Sources */,
			);
			runOnlyForDeploymentPostprocessing = 0;
		};
/* End PBXSourcesBuildPhase section */

/* Begin PBXVariantGroup section */
		09885E9D1418F2E600CCE17A /* InfoPlist.strings */ = {
			isa = PBXVariantGroup;
			children = (
				09885E9E1418F2E600CCE17A /* en */,
			);
			name = InfoPlist.strings;
			sourceTree = "<group>";
		};
		09885EA61418F2E600CCE17A /* MainWindow.xib */ = {
			isa = PBXVariantGroup;
			children = (
				09885EA71418F2E600CCE17A /* en */,
			);
			name = MainWindow.xib;
			sourceTree = "<group>";
		};
		09885EAC1418F2E600CCE17A /* RootViewController.xib */ = {
			isa = PBXVariantGroup;
			children = (
				09885EAD1418F2E600CCE17A /* en */,
			);
			name = RootViewController.xib;
			sourceTree = "<group>";
		};
/* End PBXVariantGroup section */

/* Begin XCBuildConfiguration section */
		09885EC61418F2E600CCE17A /* Debug */ = {
			isa = XCBuildConfiguration;
			buildSettings = {
				ALWAYS_SEARCH_USER_PATHS = NO;
				ARCHS = "$(ARCHS_STANDARD_32_BIT)";
				CLANG_ENABLE_OBJC_ARC = YES;
				CODE_SIGN_IDENTITY = "";
				"CODE_SIGN_IDENTITY[sdk=iphoneos*]" = "iPhone Developer: Alberto Luis Gimeno Brieba (H3FWJBVGY8)";
				COPY_PHASE_STRIP = NO;
				GCC_C_LANGUAGE_STANDARD = gnu99;
				GCC_DYNAMIC_NO_PIC = NO;
				GCC_OPTIMIZATION_LEVEL = 0;
				GCC_PREPROCESSOR_DEFINITIONS = (
					"DEBUG=1",
					"$(inherited)",
				);
				GCC_SYMBOLS_PRIVATE_EXTERN = NO;
				GCC_VERSION = com.apple.compilers.llvmgcc42;
				GCC_WARN_ABOUT_MISSING_PROTOTYPES = YES;
				GCC_WARN_ABOUT_RETURN_TYPE = YES;
				GCC_WARN_UNUSED_VARIABLE = YES;
				IPHONEOS_DEPLOYMENT_TARGET = 5.0;
				"PROVISIONING_PROFILE[sdk=iphoneos*]" = "9C3C40BB-F049-499E-AF7B-DF49681276B4";
				SDKROOT = iphoneos;
			};
			name = Debug;
		};
		09885EC71418F2E600CCE17A /* Release */ = {
			isa = XCBuildConfiguration;
			buildSettings = {
				ALWAYS_SEARCH_USER_PATHS = NO;
				ARCHS = "$(ARCHS_STANDARD_32_BIT)";
				CLANG_ENABLE_OBJC_ARC = YES;
				CODE_SIGN_IDENTITY = "";
				"CODE_SIGN_IDENTITY[sdk=iphoneos*]" = "iPhone Developer";
				COPY_PHASE_STRIP = YES;
				GCC_C_LANGUAGE_STANDARD = gnu99;
				GCC_VERSION = com.apple.compilers.llvmgcc42;
				GCC_WARN_ABOUT_MISSING_PROTOTYPES = YES;
				GCC_WARN_ABOUT_RETURN_TYPE = YES;
				GCC_WARN_UNUSED_VARIABLE = YES;
				IPHONEOS_DEPLOYMENT_TARGET = 5.0;
				OTHER_CFLAGS = "-DNS_BLOCK_ASSERTIONS=1";
				SDKROOT = iphoneos;
				VALIDATE_PRODUCT = YES;
			};
			name = Release;
		};
		09885EC91418F2E600CCE17A /* Debug */ = {
			isa = XCBuildConfiguration;
			buildSettings = {
				"CODE_SIGN_IDENTITY[sdk=iphoneos*]" = "iPhone Developer";
				GCC_PRECOMPILE_PREFIX_HEADER = YES;
				GCC_PREFIX_HEADER = "StyleHills/StyleHills-Prefix.pch";
				GCC_VERSION = com.apple.compilers.llvm.clang.1_0;
				INFOPLIST_FILE = "StyleHills/StyleHills-Info.plist";
				IPHONEOS_DEPLOYMENT_TARGET = 5.0;
				PRODUCT_NAME = "$(TARGET_NAME)";
				"PROVISIONING_PROFILE[sdk=iphoneos*]" = "";
				WRAPPER_EXTENSION = app;
			};
			name = Debug;
		};
		09885ECA1418F2E600CCE17A /* Release */ = {
			isa = XCBuildConfiguration;
			buildSettings = {
				CODE_SIGN_IDENTITY = "iPhone Distribution: Roger Ly";
				"CODE_SIGN_IDENTITY[sdk=iphoneos*]" = "iPhone Distribution: Roger Ly";
				GCC_PRECOMPILE_PREFIX_HEADER = YES;
				GCC_PREFIX_HEADER = "StyleHills/StyleHills-Prefix.pch";
				GCC_VERSION = com.apple.compilers.llvm.clang.1_0;
				INFOPLIST_FILE = "StyleHills/StyleHills-Info.plist";
				IPHONEOS_DEPLOYMENT_TARGET = 5.0;
				PRODUCT_NAME = "$(TARGET_NAME)";
				PROVISIONING_PROFILE = "FAB38E8B-F59E-40F5-8B15-B39AB8D73126";
				"PROVISIONING_PROFILE[sdk=iphoneos*]" = "FAB38E8B-F59E-40F5-8B15-B39AB8D73126";
				WRAPPER_EXTENSION = app;
			};
			name = Release;
		};
/* End XCBuildConfiguration section */

/* Begin XCConfigurationList section */
		09885E8A1418F2E500CCE17A /* Build configuration list for PBXProject "StyleHills" */ = {
			isa = XCConfigurationList;
			buildConfigurations = (
				09885EC61418F2E600CCE17A /* Debug */,
				09885EC71418F2E600CCE17A /* Release */,
			);
			defaultConfigurationIsVisible = 0;
			defaultConfigurationName = Release;
		};
		09885EC81418F2E600CCE17A /* Build configuration list for PBXNativeTarget "StyleHills" */ = {
			isa = XCConfigurationList;
			buildConfigurations = (
				09885EC91418F2E600CCE17A /* Debug */,
				09885ECA1418F2E600CCE17A /* Release */,
			);
			defaultConfigurationIsVisible = 0;
			defaultConfigurationName = Release;
		};
/* End XCConfigurationList section */
	};
	rootObject = 09885E871418F2E500CCE17A /* Project object */;
}
